// !$*UTF8*$!
{
	archiveVersion = 1;
	classes = {
	};
	objectVersion = 54;
	objects = {

/* Begin PBXBuildFile section */
		00E356F31AD99517003FC87E /* UpParkTests.m in Sources */ = {isa = PBXBuildFile; fileRef = 00E356F21AD99517003FC87E /* UpParkTests.m */; };
		13B07FBC1A68108700A75B9A /* AppDelegate.mm in Sources */ = {isa = PBXBuildFile; fileRef = 13B07FB01A68108700A75B9A /* AppDelegate.mm */; };
		13B07FBF1A68108700A75B9A /* Images.xcassets in Resources */ = {isa = PBXBuildFile; fileRef = 13B07FB51A68108700A75B9A /* Images.xcassets */; };
		13B07FC11A68108700A75B9A /* main.m in Sources */ = {isa = PBXBuildFile; fileRef = 13B07FB71A68108700A75B9A /* main.m */; };
		39337CD3295AF5D9004B7720 /* AzoSans-Bold.woff in Resources */ = {isa = PBXBuildFile; fileRef = 39337CCD295AF5D9004B7720 /* AzoSans-Bold.woff */; };
		39337CD4295AF5D9004B7720 /* AzoSans-Bold.woff2 in Resources */ = {isa = PBXBuildFile; fileRef = 39337CCE295AF5D9004B7720 /* AzoSans-Bold.woff2 */; };
		39337CD5295AF5D9004B7720 /* AzoSans-Medium.ttf in Resources */ = {isa = PBXBuildFile; fileRef = 39337CCF295AF5D9004B7720 /* AzoSans-Medium.ttf */; };
		39337CD6295AF5D9004B7720 /* AzoSans-Medium.woff in Resources */ = {isa = PBXBuildFile; fileRef = 39337CD0295AF5D9004B7720 /* AzoSans-Medium.woff */; };
		39337CD7295AF5D9004B7720 /* AzoSans-Bold.ttf in Resources */ = {isa = PBXBuildFile; fileRef = 39337CD1295AF5D9004B7720 /* AzoSans-Bold.ttf */; };
		39337CD8295AF5D9004B7720 /* AzoSans-Medium.woff2 in Resources */ = {isa = PBXBuildFile; fileRef = 39337CD2295AF5D9004B7720 /* AzoSans-Medium.woff2 */; };
		39C997C329C3B9E700441C4D /* FacebookCore in Frameworks */ = {isa = PBXBuildFile; productRef = 39C997C229C3B9E700441C4D /* FacebookCore */; };
		39C997C529C3B9E700441C4D /* FacebookLogin in Frameworks */ = {isa = PBXBuildFile; productRef = 39C997C429C3B9E700441C4D /* FacebookLogin */; };
		39DBD2B2295C9A4D00FB828D /* AIRMapCalloutManager.m in Sources */ = {isa = PBXBuildFile; fileRef = 39DBD23F295C9A4D00FB828D /* AIRMapCalloutManager.m */; };
		39DBD2B3295C9A4D00FB828D /* AIRMapUrlTileCachedOverlay.m in Sources */ = {isa = PBXBuildFile; fileRef = 39DBD246295C9A4D00FB828D /* AIRMapUrlTileCachedOverlay.m */; };
		39DBD2B4295C9A4D00FB828D /* AIRMapLocalTile.m in Sources */ = {isa = PBXBuildFile; fileRef = 39DBD248295C9A4D00FB828D /* AIRMapLocalTile.m */; };
		39DBD2B5295C9A4D00FB828D /* AIRMapMarkerManager.m in Sources */ = {isa = PBXBuildFile; fileRef = 39DBD24B295C9A4D00FB828D /* AIRMapMarkerManager.m */; };
		39DBD2B6295C9A4D00FB828D /* AIRMapUrlTile.m in Sources */ = {isa = PBXBuildFile; fileRef = 39DBD24D295C9A4D00FB828D /* AIRMapUrlTile.m */; };
		39DBD2B7295C9A4D00FB828D /* AIRMapPolylineRenderer.m in Sources */ = {isa = PBXBuildFile; fileRef = 39DBD24E295C9A4D00FB828D /* AIRMapPolylineRenderer.m */; };
		39DBD2B8295C9A4D00FB828D /* AIRMapOverlayManager.m in Sources */ = {isa = PBXBuildFile; fileRef = 39DBD24F295C9A4D00FB828D /* AIRMapOverlayManager.m */; };
		39DBD2B9295C9A4D00FB828D /* AIRMapCoordinate.m in Sources */ = {isa = PBXBuildFile; fileRef = 39DBD252295C9A4D00FB828D /* AIRMapCoordinate.m */; };
		39DBD2BA295C9A4D00FB828D /* AIRMapCalloutSubview.m in Sources */ = {isa = PBXBuildFile; fileRef = 39DBD254295C9A4D00FB828D /* AIRMapCalloutSubview.m */; };
		39DBD2BB295C9A4D00FB828D /* AIRMapPolylineManager.m in Sources */ = {isa = PBXBuildFile; fileRef = 39DBD258295C9A4D00FB828D /* AIRMapPolylineManager.m */; };
		39DBD2BC295C9A4D00FB828D /* SMCalloutView.m in Sources */ = {isa = PBXBuildFile; fileRef = 39DBD25B295C9A4D00FB828D /* SMCalloutView.m */; };
		39DBD2BD295C9A4D00FB828D /* AIRMapLocalTileOverlay.m in Sources */ = {isa = PBXBuildFile; fileRef = 39DBD25D295C9A4D00FB828D /* AIRMapLocalTileOverlay.m */; };
		39DBD2BE295C9A4D00FB828D /* AIRWeakTimerReference.m in Sources */ = {isa = PBXBuildFile; fileRef = 39DBD25E295C9A4D00FB828D /* AIRWeakTimerReference.m */; };
		39DBD2BF295C9A4D00FB828D /* AIRMapCallout.m in Sources */ = {isa = PBXBuildFile; fileRef = 39DBD25F295C9A4D00FB828D /* AIRMapCallout.m */; };
		39DBD2C0295C9A4D00FB828D /* AIRMapLocalTileManager.m in Sources */ = {isa = PBXBuildFile; fileRef = 39DBD260295C9A4D00FB828D /* AIRMapLocalTileManager.m */; };
		39DBD2C1295C9A4D00FB828D /* AIRMapPolyline.m in Sources */ = {isa = PBXBuildFile; fileRef = 39DBD261295C9A4D00FB828D /* AIRMapPolyline.m */; };
		39DBD2C2295C9A4D00FB828D /* AIRWeakMapReference.m in Sources */ = {isa = PBXBuildFile; fileRef = 39DBD263295C9A4D00FB828D /* AIRWeakMapReference.m */; };
		39DBD2C3295C9A4D00FB828D /* AIRMapCircleManager.m in Sources */ = {isa = PBXBuildFile; fileRef = 39DBD265295C9A4D00FB828D /* AIRMapCircleManager.m */; };
		39DBD2C4295C9A4D00FB828D /* AIRMapMarker.m in Sources */ = {isa = PBXBuildFile; fileRef = 39DBD266295C9A4D00FB828D /* AIRMapMarker.m */; };
		39DBD2C5295C9A4D00FB828D /* AIRMapPolygonManager.m in Sources */ = {isa = PBXBuildFile; fileRef = 39DBD267295C9A4D00FB828D /* AIRMapPolygonManager.m */; };
		39DBD2C6295C9A4D00FB828D /* AIRMapPolygon.m in Sources */ = {isa = PBXBuildFile; fileRef = 39DBD268295C9A4D00FB828D /* AIRMapPolygon.m */; };
		39DBD2C7295C9A4D00FB828D /* AIRMap.m in Sources */ = {isa = PBXBuildFile; fileRef = 39DBD269295C9A4D00FB828D /* AIRMap.m */; };
		39DBD2C8295C9A4D00FB828D /* AIRMapCircle.m in Sources */ = {isa = PBXBuildFile; fileRef = 39DBD26B295C9A4D00FB828D /* AIRMapCircle.m */; };
		39DBD2C9295C9A4D00FB828D /* AIRMapWMSTile.m in Sources */ = {isa = PBXBuildFile; fileRef = 39DBD26D295C9A4D00FB828D /* AIRMapWMSTile.m */; };
		39DBD2CA295C9A4D00FB828D /* AIRMapCalloutSubviewManager.m in Sources */ = {isa = PBXBuildFile; fileRef = 39DBD270295C9A4D00FB828D /* AIRMapCalloutSubviewManager.m */; };
		39DBD2CB295C9A4D00FB828D /* AIRMapUrlTileManager.m in Sources */ = {isa = PBXBuildFile; fileRef = 39DBD271295C9A4D00FB828D /* AIRMapUrlTileManager.m */; };
		39DBD2CC295C9A4D00FB828D /* AIRMapWMSTileManager.m in Sources */ = {isa = PBXBuildFile; fileRef = 39DBD273295C9A4D00FB828D /* AIRMapWMSTileManager.m */; };
		39DBD2CD295C9A4D00FB828D /* AIRMapManager.m in Sources */ = {isa = PBXBuildFile; fileRef = 39DBD276295C9A4D00FB828D /* AIRMapManager.m */; };
		39DBD2CE295C9A4D00FB828D /* AIRMapOverlay.m in Sources */ = {isa = PBXBuildFile; fileRef = 39DBD277295C9A4D00FB828D /* AIRMapOverlay.m */; };
		39DBD2CF295C9A4D00FB828D /* AIRMapOverlayRenderer.m in Sources */ = {isa = PBXBuildFile; fileRef = 39DBD278295C9A4D00FB828D /* AIRMapOverlayRenderer.m */; };
		39DBD2D0295C9A4D00FB828D /* RCTConvert+AirMap.m in Sources */ = {isa = PBXBuildFile; fileRef = 39DBD27A295C9A4D00FB828D /* RCTConvert+AirMap.m */; };
		39DBD2D1295C9A4D00FB828D /* AIRDummyView.m in Sources */ = {isa = PBXBuildFile; fileRef = 39DBD27C295C9A4D00FB828D /* AIRDummyView.m */; };
		39DBD2D2295C9A4D00FB828D /* AIRGoogleMapUrlTile.m in Sources */ = {isa = PBXBuildFile; fileRef = 39DBD280295C9A4D00FB828D /* AIRGoogleMapUrlTile.m */; };
		39DBD2D3295C9A4D00FB828D /* AIRGoogleMapPolygonManager.m in Sources */ = {isa = PBXBuildFile; fileRef = 39DBD283295C9A4D00FB828D /* AIRGoogleMapPolygonManager.m */; };
		39DBD2D4295C9A4D00FB828D /* AIRGoogleMapMarker.m in Sources */ = {isa = PBXBuildFile; fileRef = 39DBD286295C9A4D00FB828D /* AIRGoogleMapMarker.m */; };
		39DBD2D5295C9A4D00FB828D /* AIRGMSPolygon.m in Sources */ = {isa = PBXBuildFile; fileRef = 39DBD28A295C9A4D00FB828D /* AIRGMSPolygon.m */; };
		39DBD2D6295C9A4D00FB828D /* AIRGoogleMapURLTileManager.m in Sources */ = {isa = PBXBuildFile; fileRef = 39DBD28B295C9A4D00FB828D /* AIRGoogleMapURLTileManager.m */; };
		39DBD2D7295C9A4D00FB828D /* AIRGoogleMapWMSTileManager.m in Sources */ = {isa = PBXBuildFile; fileRef = 39DBD28C295C9A4D00FB828D /* AIRGoogleMapWMSTileManager.m */; };
		39DBD2D8295C9A4D00FB828D /* AIRGoogleMapCircle.m in Sources */ = {isa = PBXBuildFile; fileRef = 39DBD28D295C9A4D00FB828D /* AIRGoogleMapCircle.m */; };
		39DBD2D9295C9A4D00FB828D /* AIRGoogleMapCircleManager.m in Sources */ = {isa = PBXBuildFile; fileRef = 39DBD295295C9A4D00FB828D /* AIRGoogleMapCircleManager.m */; };
		39DBD2DA295C9A4D00FB828D /* AIRGoogleMapCalloutManager.m in Sources */ = {isa = PBXBuildFile; fileRef = 39DBD297295C9A4D00FB828D /* AIRGoogleMapCalloutManager.m */; };
		39DBD2DB295C9A4D00FB828D /* AIRGoogleMapMarkerManager.m in Sources */ = {isa = PBXBuildFile; fileRef = 39DBD298295C9A4D00FB828D /* AIRGoogleMapMarkerManager.m */; };
		39DBD2DC295C9A4D00FB828D /* AIRGoogleMapPolyline.m in Sources */ = {isa = PBXBuildFile; fileRef = 39DBD29A295C9A4D00FB828D /* AIRGoogleMapPolyline.m */; };
		39DBD2DD295C9A4D00FB828D /* AIRGoogleMapHeatmapManager.m in Sources */ = {isa = PBXBuildFile; fileRef = 39DBD29B295C9A4D00FB828D /* AIRGoogleMapHeatmapManager.m */; };
		39DBD2DE295C9A4D00FB828D /* AIRGoogleMapWMSTile.m in Sources */ = {isa = PBXBuildFile; fileRef = 39DBD29C295C9A4D00FB828D /* AIRGoogleMapWMSTile.m */; };
		39DBD2DF295C9A4D00FB828D /* AIRGoogleMapOverlay.m in Sources */ = {isa = PBXBuildFile; fileRef = 39DBD29F295C9A4D00FB828D /* AIRGoogleMapOverlay.m */; };
		39DBD2E0295C9A4D00FB828D /* AIRGMSPolyline.m in Sources */ = {isa = PBXBuildFile; fileRef = 39DBD2A0295C9A4D00FB828D /* AIRGMSPolyline.m */; };
		39DBD2E1295C9A4D00FB828D /* AIRGoogleMapPolylineManager.m in Sources */ = {isa = PBXBuildFile; fileRef = 39DBD2A1295C9A4D00FB828D /* AIRGoogleMapPolylineManager.m */; };
		39DBD2E2295C9A4D00FB828D /* AIRGoogleMapManager.m in Sources */ = {isa = PBXBuildFile; fileRef = 39DBD2A2295C9A4D00FB828D /* AIRGoogleMapManager.m */; };
		39DBD2E3295C9A4D00FB828D /* RCTConvert+GMSMapViewType.m in Sources */ = {isa = PBXBuildFile; fileRef = 39DBD2A5295C9A4D00FB828D /* RCTConvert+GMSMapViewType.m */; };
		39DBD2E4295C9A4D00FB828D /* AIRGoogleMapCalloutSubviewManager.m in Sources */ = {isa = PBXBuildFile; fileRef = 39DBD2A6295C9A4D00FB828D /* AIRGoogleMapCalloutSubviewManager.m */; };
		39DBD2E5295C9A4D00FB828D /* AIRGoogleMapCallout.m in Sources */ = {isa = PBXBuildFile; fileRef = 39DBD2A7295C9A4D00FB828D /* AIRGoogleMapCallout.m */; };
		39DBD2E6295C9A4D00FB828D /* AIRGoogleMapOverlayManager.m in Sources */ = {isa = PBXBuildFile; fileRef = 39DBD2A8295C9A4D00FB828D /* AIRGoogleMapOverlayManager.m */; };
		39DBD2E7295C9A4D00FB828D /* AIRGoogleMapHeatmap.m in Sources */ = {isa = PBXBuildFile; fileRef = 39DBD2A9295C9A4D00FB828D /* AIRGoogleMapHeatmap.m */; };
		39DBD2E8295C9A4D00FB828D /* AIRGoogleMap.m in Sources */ = {isa = PBXBuildFile; fileRef = 39DBD2AA295C9A4D00FB828D /* AIRGoogleMap.m */; };
		39DBD2E9295C9A4D00FB828D /* AIRGoogleMapPolygon.m in Sources */ = {isa = PBXBuildFile; fileRef = 39DBD2AF295C9A4D00FB828D /* AIRGoogleMapPolygon.m */; };
		39DBD2EA295C9A4D00FB828D /* AIRGMSMarker.m in Sources */ = {isa = PBXBuildFile; fileRef = 39DBD2B0295C9A4D00FB828D /* AIRGMSMarker.m */; };
		39DBD2EB295C9A4D00FB828D /* AIRGoogleMapCalloutSubview.m in Sources */ = {isa = PBXBuildFile; fileRef = 39DBD2B1295C9A4D00FB828D /* AIRGoogleMapCalloutSubview.m */; };
		39DBD2ED295C9AE300FB828D /* main.jsbundle in Resources */ = {isa = PBXBuildFile; fileRef = 39DBD2EC295C9AE300FB828D /* main.jsbundle */; };
		5496B101AEFA52BCA2011A90 /* libPods-UpPark-UpParkTests.a in Frameworks */ = {isa = PBXBuildFile; fileRef = E14FD3D4CD79AFFCF556FDB1 /* libPods-UpPark-UpParkTests.a */; };
		5CB4F7DEEC87AA5E21B2D5E8 /* libPods-UpPark.a in Frameworks */ = {isa = PBXBuildFile; fileRef = A4A145B88D81E53982F4F1E3 /* libPods-UpPark.a */; };
		A55391BC2B3DDF4C002FDA84 /* GoogleService-Info.plist in Resources */ = {isa = PBXBuildFile; fileRef = A55391BB2B3DDF4C002FDA84 /* GoogleService-Info.plist */; };
/* End PBXBuildFile section */

/* Begin PBXContainerItemProxy section */
		00E356F41AD99517003FC87E /* PBXContainerItemProxy */ = {
			isa = PBXContainerItemProxy;
			containerPortal = 83CBB9F71A601CBA00E9B192 /* Project object */;
			proxyType = 1;
			remoteGlobalIDString = 13B07F861A680F5B00A75B9A;
			remoteInfo = UpPark;
		};
/* End PBXContainerItemProxy section */

/* Begin PBXFileReference section */
		00E356EE1AD99517003FC87E /* UpParkTests.xctest */ = {isa = PBXFileReference; explicitFileType = wrapper.cfbundle; includeInIndex = 0; path = UpParkTests.xctest; sourceTree = BUILT_PRODUCTS_DIR; };
		00E356F11AD99517003FC87E /* Info.plist */ = {isa = PBXFileReference; lastKnownFileType = text.plist.xml; path = Info.plist; sourceTree = "<group>"; };
		00E356F21AD99517003FC87E /* UpParkTests.m */ = {isa = PBXFileReference; lastKnownFileType = sourcecode.c.objc; path = UpParkTests.m; sourceTree = "<group>"; };
		13B07F961A680F5B00A75B9A /* UpPark.app */ = {isa = PBXFileReference; explicitFileType = wrapper.application; includeInIndex = 0; path = UpPark.app; sourceTree = BUILT_PRODUCTS_DIR; };
		13B07FAF1A68108700A75B9A /* AppDelegate.h */ = {isa = PBXFileReference; fileEncoding = 4; lastKnownFileType = sourcecode.c.h; name = AppDelegate.h; path = UpPark/AppDelegate.h; sourceTree = "<group>"; };
		13B07FB01A68108700A75B9A /* AppDelegate.mm */ = {isa = PBXFileReference; fileEncoding = 4; lastKnownFileType = sourcecode.cpp.objcpp; name = AppDelegate.mm; path = UpPark/AppDelegate.mm; sourceTree = "<group>"; };
		13B07FB51A68108700A75B9A /* Images.xcassets */ = {isa = PBXFileReference; lastKnownFileType = folder.assetcatalog; name = Images.xcassets; path = UpPark/Images.xcassets; sourceTree = "<group>"; };
		13B07FB61A68108700A75B9A /* Info.plist */ = {isa = PBXFileReference; fileEncoding = 4; lastKnownFileType = text.plist.xml; name = Info.plist; path = UpPark/Info.plist; sourceTree = "<group>"; };
		13B07FB71A68108700A75B9A /* main.m */ = {isa = PBXFileReference; fileEncoding = 4; lastKnownFileType = sourcecode.c.objc; name = main.m; path = UpPark/main.m; sourceTree = "<group>"; };
		39337CCD295AF5D9004B7720 /* AzoSans-Bold.woff */ = {isa = PBXFileReference; lastKnownFileType = file; path = "AzoSans-Bold.woff"; sourceTree = "<group>"; };
		39337CCE295AF5D9004B7720 /* AzoSans-Bold.woff2 */ = {isa = PBXFileReference; lastKnownFileType = file; path = "AzoSans-Bold.woff2"; sourceTree = "<group>"; };
		39337CCF295AF5D9004B7720 /* AzoSans-Medium.ttf */ = {isa = PBXFileReference; lastKnownFileType = file; path = "AzoSans-Medium.ttf"; sourceTree = "<group>"; };
		39337CD0295AF5D9004B7720 /* AzoSans-Medium.woff */ = {isa = PBXFileReference; lastKnownFileType = file; path = "AzoSans-Medium.woff"; sourceTree = "<group>"; };
		39337CD1295AF5D9004B7720 /* AzoSans-Bold.ttf */ = {isa = PBXFileReference; lastKnownFileType = file; path = "AzoSans-Bold.ttf"; sourceTree = "<group>"; };
		39337CD2295AF5D9004B7720 /* AzoSans-Medium.woff2 */ = {isa = PBXFileReference; lastKnownFileType = file; path = "AzoSans-Medium.woff2"; sourceTree = "<group>"; };
		39337CDB295B6977004B7720 /* UpPark.entitlements */ = {isa = PBXFileReference; lastKnownFileType = text.plist.entitlements; name = UpPark.entitlements; path = UpPark/UpPark.entitlements; sourceTree = "<group>"; };
		3942722029C318870053BC17 /* libRNPermissions.a */ = {isa = PBXFileReference; explicitFileType = archive.ar; path = libRNPermissions.a; sourceTree = BUILT_PRODUCTS_DIR; };
		39DBD23B295C9A4D00FB828D /* AIRMapLocalTileManager.h */ = {isa = PBXFileReference; fileEncoding = 4; lastKnownFileType = sourcecode.c.h; path = AIRMapLocalTileManager.h; sourceTree = "<group>"; };
		39DBD23C295C9A4D00FB828D /* AIRMapCallout.h */ = {isa = PBXFileReference; fileEncoding = 4; lastKnownFileType = sourcecode.c.h; path = AIRMapCallout.h; sourceTree = "<group>"; };
		39DBD23D295C9A4D00FB828D /* AIRWeakTimerReference.h */ = {isa = PBXFileReference; fileEncoding = 4; lastKnownFileType = sourcecode.c.h; path = AIRWeakTimerReference.h; sourceTree = "<group>"; };
		39DBD23E295C9A4D00FB828D /* AIRMapLocalTileOverlay.h */ = {isa = PBXFileReference; fileEncoding = 4; lastKnownFileType = sourcecode.c.h; path = AIRMapLocalTileOverlay.h; sourceTree = "<group>"; };
		39DBD23F295C9A4D00FB828D /* AIRMapCalloutManager.m */ = {isa = PBXFileReference; fileEncoding = 4; lastKnownFileType = sourcecode.c.objc; path = AIRMapCalloutManager.m; sourceTree = "<group>"; };
		39DBD240295C9A4D00FB828D /* AIRMap.h */ = {isa = PBXFileReference; fileEncoding = 4; lastKnownFileType = sourcecode.c.h; path = AIRMap.h; sourceTree = "<group>"; };
		39DBD241295C9A4D00FB828D /* AIRMapPolygon.h */ = {isa = PBXFileReference; fileEncoding = 4; lastKnownFileType = sourcecode.c.h; path = AIRMapPolygon.h; sourceTree = "<group>"; };
		39DBD242295C9A4D00FB828D /* AIRMapPolygonManager.h */ = {isa = PBXFileReference; fileEncoding = 4; lastKnownFileType = sourcecode.c.h; path = AIRMapPolygonManager.h; sourceTree = "<group>"; };
		39DBD243295C9A4D00FB828D /* AIRMapMarker.h */ = {isa = PBXFileReference; fileEncoding = 4; lastKnownFileType = sourcecode.c.h; path = AIRMapMarker.h; sourceTree = "<group>"; };
		39DBD244295C9A4D00FB828D /* AIRMapCircleManager.h */ = {isa = PBXFileReference; fileEncoding = 4; lastKnownFileType = sourcecode.c.h; path = AIRMapCircleManager.h; sourceTree = "<group>"; };
		39DBD245295C9A4D00FB828D /* AIRWeakMapReference.h */ = {isa = PBXFileReference; fileEncoding = 4; lastKnownFileType = sourcecode.c.h; path = AIRWeakMapReference.h; sourceTree = "<group>"; };
		39DBD246295C9A4D00FB828D /* AIRMapUrlTileCachedOverlay.m */ = {isa = PBXFileReference; fileEncoding = 4; lastKnownFileType = sourcecode.c.objc; path = AIRMapUrlTileCachedOverlay.m; sourceTree = "<group>"; };
		39DBD247295C9A4D00FB828D /* AIRMapPolyline.h */ = {isa = PBXFileReference; fileEncoding = 4; lastKnownFileType = sourcecode.c.h; path = AIRMapPolyline.h; sourceTree = "<group>"; };
		39DBD248295C9A4D00FB828D /* AIRMapLocalTile.m */ = {isa = PBXFileReference; fileEncoding = 4; lastKnownFileType = sourcecode.c.objc; path = AIRMapLocalTile.m; sourceTree = "<group>"; };
		39DBD249295C9A4D00FB828D /* AIRMapWMSTileManager.h */ = {isa = PBXFileReference; fileEncoding = 4; lastKnownFileType = sourcecode.c.h; path = AIRMapWMSTileManager.h; sourceTree = "<group>"; };
		39DBD24A295C9A4D00FB828D /* AIRMapUrlTileManager.h */ = {isa = PBXFileReference; fileEncoding = 4; lastKnownFileType = sourcecode.c.h; path = AIRMapUrlTileManager.h; sourceTree = "<group>"; };
		39DBD24B295C9A4D00FB828D /* AIRMapMarkerManager.m */ = {isa = PBXFileReference; fileEncoding = 4; lastKnownFileType = sourcecode.c.objc; path = AIRMapMarkerManager.m; sourceTree = "<group>"; };
		39DBD24C295C9A4D00FB828D /* AIRMapCalloutSubviewManager.h */ = {isa = PBXFileReference; fileEncoding = 4; lastKnownFileType = sourcecode.c.h; path = AIRMapCalloutSubviewManager.h; sourceTree = "<group>"; };
		39DBD24D295C9A4D00FB828D /* AIRMapUrlTile.m */ = {isa = PBXFileReference; fileEncoding = 4; lastKnownFileType = sourcecode.c.objc; path = AIRMapUrlTile.m; sourceTree = "<group>"; };
		39DBD24E295C9A4D00FB828D /* AIRMapPolylineRenderer.m */ = {isa = PBXFileReference; fileEncoding = 4; lastKnownFileType = sourcecode.c.objc; path = AIRMapPolylineRenderer.m; sourceTree = "<group>"; };
		39DBD24F295C9A4D00FB828D /* AIRMapOverlayManager.m */ = {isa = PBXFileReference; fileEncoding = 4; lastKnownFileType = sourcecode.c.objc; path = AIRMapOverlayManager.m; sourceTree = "<group>"; };
		39DBD250295C9A4D00FB828D /* AIRMapWMSTile.h */ = {isa = PBXFileReference; fileEncoding = 4; lastKnownFileType = sourcecode.c.h; path = AIRMapWMSTile.h; sourceTree = "<group>"; };
		39DBD251295C9A4D00FB828D /* AIRMapCircle.h */ = {isa = PBXFileReference; fileEncoding = 4; lastKnownFileType = sourcecode.c.h; path = AIRMapCircle.h; sourceTree = "<group>"; };
		39DBD252295C9A4D00FB828D /* AIRMapCoordinate.m */ = {isa = PBXFileReference; fileEncoding = 4; lastKnownFileType = sourcecode.c.objc; path = AIRMapCoordinate.m; sourceTree = "<group>"; };
		39DBD253295C9A4D00FB828D /* RCTConvert+AirMap.h */ = {isa = PBXFileReference; fileEncoding = 4; lastKnownFileType = sourcecode.c.h; path = "RCTConvert+AirMap.h"; sourceTree = "<group>"; };
		39DBD254295C9A4D00FB828D /* AIRMapCalloutSubview.m */ = {isa = PBXFileReference; fileEncoding = 4; lastKnownFileType = sourcecode.c.objc; path = AIRMapCalloutSubview.m; sourceTree = "<group>"; };
		39DBD255295C9A4D00FB828D /* AIRMapOverlay.h */ = {isa = PBXFileReference; fileEncoding = 4; lastKnownFileType = sourcecode.c.h; path = AIRMapOverlay.h; sourceTree = "<group>"; };
		39DBD256295C9A4D00FB828D /* AIRMapOverlayRenderer.h */ = {isa = PBXFileReference; fileEncoding = 4; lastKnownFileType = sourcecode.c.h; path = AIRMapOverlayRenderer.h; sourceTree = "<group>"; };
		39DBD257295C9A4D00FB828D /* AIRMapManager.h */ = {isa = PBXFileReference; fileEncoding = 4; lastKnownFileType = sourcecode.c.h; path = AIRMapManager.h; sourceTree = "<group>"; };
		39DBD258295C9A4D00FB828D /* AIRMapPolylineManager.m */ = {isa = PBXFileReference; fileEncoding = 4; lastKnownFileType = sourcecode.c.objc; path = AIRMapPolylineManager.m; sourceTree = "<group>"; };
		39DBD259295C9A4D00FB828D /* AIRMapCalloutManager.h */ = {isa = PBXFileReference; fileEncoding = 4; lastKnownFileType = sourcecode.c.h; path = AIRMapCalloutManager.h; sourceTree = "<group>"; };
		39DBD25B295C9A4D00FB828D /* SMCalloutView.m */ = {isa = PBXFileReference; fileEncoding = 4; lastKnownFileType = sourcecode.c.objc; path = SMCalloutView.m; sourceTree = "<group>"; };
		39DBD25C295C9A4D00FB828D /* SMCalloutView.h */ = {isa = PBXFileReference; fileEncoding = 4; lastKnownFileType = sourcecode.c.h; path = SMCalloutView.h; sourceTree = "<group>"; };
		39DBD25D295C9A4D00FB828D /* AIRMapLocalTileOverlay.m */ = {isa = PBXFileReference; fileEncoding = 4; lastKnownFileType = sourcecode.c.objc; path = AIRMapLocalTileOverlay.m; sourceTree = "<group>"; };
		39DBD25E295C9A4D00FB828D /* AIRWeakTimerReference.m */ = {isa = PBXFileReference; fileEncoding = 4; lastKnownFileType = sourcecode.c.objc; path = AIRWeakTimerReference.m; sourceTree = "<group>"; };
		39DBD25F295C9A4D00FB828D /* AIRMapCallout.m */ = {isa = PBXFileReference; fileEncoding = 4; lastKnownFileType = sourcecode.c.objc; path = AIRMapCallout.m; sourceTree = "<group>"; };
		39DBD260295C9A4D00FB828D /* AIRMapLocalTileManager.m */ = {isa = PBXFileReference; fileEncoding = 4; lastKnownFileType = sourcecode.c.objc; path = AIRMapLocalTileManager.m; sourceTree = "<group>"; };
		39DBD261295C9A4D00FB828D /* AIRMapPolyline.m */ = {isa = PBXFileReference; fileEncoding = 4; lastKnownFileType = sourcecode.c.objc; path = AIRMapPolyline.m; sourceTree = "<group>"; };
		39DBD262295C9A4D00FB828D /* AIRMapSnapshot.h */ = {isa = PBXFileReference; fileEncoding = 4; lastKnownFileType = sourcecode.c.h; path = AIRMapSnapshot.h; sourceTree = "<group>"; };
		39DBD263295C9A4D00FB828D /* AIRWeakMapReference.m */ = {isa = PBXFileReference; fileEncoding = 4; lastKnownFileType = sourcecode.c.objc; path = AIRWeakMapReference.m; sourceTree = "<group>"; };
		39DBD264295C9A4D00FB828D /* AIRMapUrlTileCachedOverlay.h */ = {isa = PBXFileReference; fileEncoding = 4; lastKnownFileType = sourcecode.c.h; path = AIRMapUrlTileCachedOverlay.h; sourceTree = "<group>"; };
		39DBD265295C9A4D00FB828D /* AIRMapCircleManager.m */ = {isa = PBXFileReference; fileEncoding = 4; lastKnownFileType = sourcecode.c.objc; path = AIRMapCircleManager.m; sourceTree = "<group>"; };
		39DBD266295C9A4D00FB828D /* AIRMapMarker.m */ = {isa = PBXFileReference; fileEncoding = 4; lastKnownFileType = sourcecode.c.objc; path = AIRMapMarker.m; sourceTree = "<group>"; };
		39DBD267295C9A4D00FB828D /* AIRMapPolygonManager.m */ = {isa = PBXFileReference; fileEncoding = 4; lastKnownFileType = sourcecode.c.objc; path = AIRMapPolygonManager.m; sourceTree = "<group>"; };
		39DBD268295C9A4D00FB828D /* AIRMapPolygon.m */ = {isa = PBXFileReference; fileEncoding = 4; lastKnownFileType = sourcecode.c.objc; path = AIRMapPolygon.m; sourceTree = "<group>"; };
		39DBD269295C9A4D00FB828D /* AIRMap.m */ = {isa = PBXFileReference; fileEncoding = 4; lastKnownFileType = sourcecode.c.objc; path = AIRMap.m; sourceTree = "<group>"; };
		39DBD26A295C9A4D00FB828D /* AIRMapCoordinate.h */ = {isa = PBXFileReference; fileEncoding = 4; lastKnownFileType = sourcecode.c.h; path = AIRMapCoordinate.h; sourceTree = "<group>"; };
		39DBD26B295C9A4D00FB828D /* AIRMapCircle.m */ = {isa = PBXFileReference; fileEncoding = 4; lastKnownFileType = sourcecode.c.objc; path = AIRMapCircle.m; sourceTree = "<group>"; };
		39DBD26C295C9A4D00FB828D /* AIRMapOverlayManager.h */ = {isa = PBXFileReference; fileEncoding = 4; lastKnownFileType = sourcecode.c.h; path = AIRMapOverlayManager.h; sourceTree = "<group>"; };
		39DBD26D295C9A4D00FB828D /* AIRMapWMSTile.m */ = {isa = PBXFileReference; fileEncoding = 4; lastKnownFileType = sourcecode.c.objc; path = AIRMapWMSTile.m; sourceTree = "<group>"; };
		39DBD26E295C9A4D00FB828D /* AIRMapPolylineRenderer.h */ = {isa = PBXFileReference; fileEncoding = 4; lastKnownFileType = sourcecode.c.h; path = AIRMapPolylineRenderer.h; sourceTree = "<group>"; };
		39DBD26F295C9A4D00FB828D /* AIRMapUrlTile.h */ = {isa = PBXFileReference; fileEncoding = 4; lastKnownFileType = sourcecode.c.h; path = AIRMapUrlTile.h; sourceTree = "<group>"; };
		39DBD270295C9A4D00FB828D /* AIRMapCalloutSubviewManager.m */ = {isa = PBXFileReference; fileEncoding = 4; lastKnownFileType = sourcecode.c.objc; path = AIRMapCalloutSubviewManager.m; sourceTree = "<group>"; };
		39DBD271295C9A4D00FB828D /* AIRMapUrlTileManager.m */ = {isa = PBXFileReference; fileEncoding = 4; lastKnownFileType = sourcecode.c.objc; path = AIRMapUrlTileManager.m; sourceTree = "<group>"; };
		39DBD272295C9A4D00FB828D /* AIRMapMarkerManager.h */ = {isa = PBXFileReference; fileEncoding = 4; lastKnownFileType = sourcecode.c.h; path = AIRMapMarkerManager.h; sourceTree = "<group>"; };
		39DBD273295C9A4D00FB828D /* AIRMapWMSTileManager.m */ = {isa = PBXFileReference; fileEncoding = 4; lastKnownFileType = sourcecode.c.objc; path = AIRMapWMSTileManager.m; sourceTree = "<group>"; };
		39DBD274295C9A4D00FB828D /* AIRMapLocalTile.h */ = {isa = PBXFileReference; fileEncoding = 4; lastKnownFileType = sourcecode.c.h; path = AIRMapLocalTile.h; sourceTree = "<group>"; };
		39DBD275295C9A4D00FB828D /* AIRMapPolylineManager.h */ = {isa = PBXFileReference; fileEncoding = 4; lastKnownFileType = sourcecode.c.h; path = AIRMapPolylineManager.h; sourceTree = "<group>"; };
		39DBD276295C9A4D00FB828D /* AIRMapManager.m */ = {isa = PBXFileReference; fileEncoding = 4; lastKnownFileType = sourcecode.c.objc; path = AIRMapManager.m; sourceTree = "<group>"; };
		39DBD277295C9A4D00FB828D /* AIRMapOverlay.m */ = {isa = PBXFileReference; fileEncoding = 4; lastKnownFileType = sourcecode.c.objc; path = AIRMapOverlay.m; sourceTree = "<group>"; };
		39DBD278295C9A4D00FB828D /* AIRMapOverlayRenderer.m */ = {isa = PBXFileReference; fileEncoding = 4; lastKnownFileType = sourcecode.c.objc; path = AIRMapOverlayRenderer.m; sourceTree = "<group>"; };
		39DBD279295C9A4D00FB828D /* AIRMapCalloutSubview.h */ = {isa = PBXFileReference; fileEncoding = 4; lastKnownFileType = sourcecode.c.h; path = AIRMapCalloutSubview.h; sourceTree = "<group>"; };
		39DBD27A295C9A4D00FB828D /* RCTConvert+AirMap.m */ = {isa = PBXFileReference; fileEncoding = 4; lastKnownFileType = sourcecode.c.objc; path = "RCTConvert+AirMap.m"; sourceTree = "<group>"; };
		39DBD27C295C9A4D00FB828D /* AIRDummyView.m */ = {isa = PBXFileReference; fileEncoding = 4; lastKnownFileType = sourcecode.c.objc; path = AIRDummyView.m; sourceTree = "<group>"; };
		39DBD27D295C9A4D00FB828D /* AIRGoogleMapWMSTile.h */ = {isa = PBXFileReference; fileEncoding = 4; lastKnownFileType = sourcecode.c.h; path = AIRGoogleMapWMSTile.h; sourceTree = "<group>"; };
		39DBD27E295C9A4D00FB828D /* AIRGoogleMapPolyline.h */ = {isa = PBXFileReference; fileEncoding = 4; lastKnownFileType = sourcecode.c.h; path = AIRGoogleMapPolyline.h; sourceTree = "<group>"; };
		39DBD27F295C9A4D00FB828D /* AIRGoogleMapHeatmapManager.h */ = {isa = PBXFileReference; fileEncoding = 4; lastKnownFileType = sourcecode.c.h; path = AIRGoogleMapHeatmapManager.h; sourceTree = "<group>"; };
		39DBD280295C9A4D00FB828D /* AIRGoogleMapUrlTile.m */ = {isa = PBXFileReference; fileEncoding = 4; lastKnownFileType = sourcecode.c.objc; path = AIRGoogleMapUrlTile.m; sourceTree = "<group>"; };
		39DBD281295C9A4D00FB828D /* AIRGoogleMapMarkerManager.h */ = {isa = PBXFileReference; fileEncoding = 4; lastKnownFileType = sourcecode.c.h; path = AIRGoogleMapMarkerManager.h; sourceTree = "<group>"; };
		39DBD282295C9A4D00FB828D /* AIRGoogleMapCalloutManager.h */ = {isa = PBXFileReference; fileEncoding = 4; lastKnownFileType = sourcecode.c.h; path = AIRGoogleMapCalloutManager.h; sourceTree = "<group>"; };
		39DBD283295C9A4D00FB828D /* AIRGoogleMapPolygonManager.m */ = {isa = PBXFileReference; fileEncoding = 4; lastKnownFileType = sourcecode.c.objc; path = AIRGoogleMapPolygonManager.m; sourceTree = "<group>"; };
		39DBD284295C9A4D00FB828D /* RCTConvert+GMSMapViewType.h */ = {isa = PBXFileReference; fileEncoding = 4; lastKnownFileType = sourcecode.c.h; path = "RCTConvert+GMSMapViewType.h"; sourceTree = "<group>"; };
		39DBD285295C9A4D00FB828D /* AIRGoogleMapManager.h */ = {isa = PBXFileReference; fileEncoding = 4; lastKnownFileType = sourcecode.c.h; path = AIRGoogleMapManager.h; sourceTree = "<group>"; };
		39DBD286295C9A4D00FB828D /* AIRGoogleMapMarker.m */ = {isa = PBXFileReference; fileEncoding = 4; lastKnownFileType = sourcecode.c.objc; path = AIRGoogleMapMarker.m; sourceTree = "<group>"; };
		39DBD287295C9A4D00FB828D /* AIRGMSPolyline.h */ = {isa = PBXFileReference; fileEncoding = 4; lastKnownFileType = sourcecode.c.h; path = AIRGMSPolyline.h; sourceTree = "<group>"; };
		39DBD288295C9A4D00FB828D /* AIRGoogleMapPolylineManager.h */ = {isa = PBXFileReference; fileEncoding = 4; lastKnownFileType = sourcecode.c.h; path = AIRGoogleMapPolylineManager.h; sourceTree = "<group>"; };
		39DBD289295C9A4D00FB828D /* AIRGoogleMapOverlay.h */ = {isa = PBXFileReference; fileEncoding = 4; lastKnownFileType = sourcecode.c.h; path = AIRGoogleMapOverlay.h; sourceTree = "<group>"; };
		39DBD28A295C9A4D00FB828D /* AIRGMSPolygon.m */ = {isa = PBXFileReference; fileEncoding = 4; lastKnownFileType = sourcecode.c.objc; path = AIRGMSPolygon.m; sourceTree = "<group>"; };
		39DBD28B295C9A4D00FB828D /* AIRGoogleMapURLTileManager.m */ = {isa = PBXFileReference; fileEncoding = 4; lastKnownFileType = sourcecode.c.objc; path = AIRGoogleMapURLTileManager.m; sourceTree = "<group>"; };
		39DBD28C295C9A4D00FB828D /* AIRGoogleMapWMSTileManager.m */ = {isa = PBXFileReference; fileEncoding = 4; lastKnownFileType = sourcecode.c.objc; path = AIRGoogleMapWMSTileManager.m; sourceTree = "<group>"; };
		39DBD28D295C9A4D00FB828D /* AIRGoogleMapCircle.m */ = {isa = PBXFileReference; fileEncoding = 4; lastKnownFileType = sourcecode.c.objc; path = AIRGoogleMapCircle.m; sourceTree = "<group>"; };
		39DBD28E295C9A4D00FB828D /* AIRGoogleMap.h */ = {isa = PBXFileReference; fileEncoding = 4; lastKnownFileType = sourcecode.c.h; path = AIRGoogleMap.h; sourceTree = "<group>"; };
		39DBD28F295C9A4D00FB828D /* AIRGoogleMapHeatmap.h */ = {isa = PBXFileReference; fileEncoding = 4; lastKnownFileType = sourcecode.c.h; path = AIRGoogleMapHeatmap.h; sourceTree = "<group>"; };
		39DBD290295C9A4D00FB828D /* AIRGoogleMapOverlayManager.h */ = {isa = PBXFileReference; fileEncoding = 4; lastKnownFileType = sourcecode.c.h; path = AIRGoogleMapOverlayManager.h; sourceTree = "<group>"; };
		39DBD291295C9A4D00FB828D /* AIRGoogleMapCallout.h */ = {isa = PBXFileReference; fileEncoding = 4; lastKnownFileType = sourcecode.c.h; path = AIRGoogleMapCallout.h; sourceTree = "<group>"; };
		39DBD292295C9A4D00FB828D /* AIRGoogleMapCalloutSubviewManager.h */ = {isa = PBXFileReference; fileEncoding = 4; lastKnownFileType = sourcecode.c.h; path = AIRGoogleMapCalloutSubviewManager.h; sourceTree = "<group>"; };
		39DBD293295C9A4D00FB828D /* AIRGoogleMapCalloutSubview.h */ = {isa = PBXFileReference; fileEncoding = 4; lastKnownFileType = sourcecode.c.h; path = AIRGoogleMapCalloutSubview.h; sourceTree = "<group>"; };
		39DBD294295C9A4D00FB828D /* AIRGMSMarker.h */ = {isa = PBXFileReference; fileEncoding = 4; lastKnownFileType = sourcecode.c.h; path = AIRGMSMarker.h; sourceTree = "<group>"; };
		39DBD295295C9A4D00FB828D /* AIRGoogleMapCircleManager.m */ = {isa = PBXFileReference; fileEncoding = 4; lastKnownFileType = sourcecode.c.objc; path = AIRGoogleMapCircleManager.m; sourceTree = "<group>"; };
		39DBD296295C9A4D00FB828D /* AIRGoogleMapPolygon.h */ = {isa = PBXFileReference; fileEncoding = 4; lastKnownFileType = sourcecode.c.h; path = AIRGoogleMapPolygon.h; sourceTree = "<group>"; };
		39DBD297295C9A4D00FB828D /* AIRGoogleMapCalloutManager.m */ = {isa = PBXFileReference; fileEncoding = 4; lastKnownFileType = sourcecode.c.objc; path = AIRGoogleMapCalloutManager.m; sourceTree = "<group>"; };
		39DBD298295C9A4D00FB828D /* AIRGoogleMapMarkerManager.m */ = {isa = PBXFileReference; fileEncoding = 4; lastKnownFileType = sourcecode.c.objc; path = AIRGoogleMapMarkerManager.m; sourceTree = "<group>"; };
		39DBD299295C9A4D00FB828D /* AIRGoogleMapUrlTile.h */ = {isa = PBXFileReference; fileEncoding = 4; lastKnownFileType = sourcecode.c.h; path = AIRGoogleMapUrlTile.h; sourceTree = "<group>"; };
		39DBD29A295C9A4D00FB828D /* AIRGoogleMapPolyline.m */ = {isa = PBXFileReference; fileEncoding = 4; lastKnownFileType = sourcecode.c.objc; path = AIRGoogleMapPolyline.m; sourceTree = "<group>"; };
		39DBD29B295C9A4D00FB828D /* AIRGoogleMapHeatmapManager.m */ = {isa = PBXFileReference; fileEncoding = 4; lastKnownFileType = sourcecode.c.objc; path = AIRGoogleMapHeatmapManager.m; sourceTree = "<group>"; };
		39DBD29C295C9A4D00FB828D /* AIRGoogleMapWMSTile.m */ = {isa = PBXFileReference; fileEncoding = 4; lastKnownFileType = sourcecode.c.objc; path = AIRGoogleMapWMSTile.m; sourceTree = "<group>"; };
		39DBD29D295C9A4D00FB828D /* AIRDummyView.h */ = {isa = PBXFileReference; fileEncoding = 4; lastKnownFileType = sourcecode.c.h; path = AIRDummyView.h; sourceTree = "<group>"; };
		39DBD29E295C9A4D00FB828D /* AIRGMSPolygon.h */ = {isa = PBXFileReference; fileEncoding = 4; lastKnownFileType = sourcecode.c.h; path = AIRGMSPolygon.h; sourceTree = "<group>"; };
		39DBD29F295C9A4D00FB828D /* AIRGoogleMapOverlay.m */ = {isa = PBXFileReference; fileEncoding = 4; lastKnownFileType = sourcecode.c.objc; path = AIRGoogleMapOverlay.m; sourceTree = "<group>"; };
		39DBD2A0295C9A4D00FB828D /* AIRGMSPolyline.m */ = {isa = PBXFileReference; fileEncoding = 4; lastKnownFileType = sourcecode.c.objc; path = AIRGMSPolyline.m; sourceTree = "<group>"; };
		39DBD2A1295C9A4D00FB828D /* AIRGoogleMapPolylineManager.m */ = {isa = PBXFileReference; fileEncoding = 4; lastKnownFileType = sourcecode.c.objc; path = AIRGoogleMapPolylineManager.m; sourceTree = "<group>"; };
		39DBD2A2295C9A4D00FB828D /* AIRGoogleMapManager.m */ = {isa = PBXFileReference; fileEncoding = 4; lastKnownFileType = sourcecode.c.objc; path = AIRGoogleMapManager.m; sourceTree = "<group>"; };
		39DBD2A3295C9A4D00FB828D /* AIRGoogleMapMarker.h */ = {isa = PBXFileReference; fileEncoding = 4; lastKnownFileType = sourcecode.c.h; path = AIRGoogleMapMarker.h; sourceTree = "<group>"; };
		39DBD2A4295C9A4D00FB828D /* AIRGoogleMapPolygonManager.h */ = {isa = PBXFileReference; fileEncoding = 4; lastKnownFileType = sourcecode.c.h; path = AIRGoogleMapPolygonManager.h; sourceTree = "<group>"; };
		39DBD2A5295C9A4D00FB828D /* RCTConvert+GMSMapViewType.m */ = {isa = PBXFileReference; fileEncoding = 4; lastKnownFileType = sourcecode.c.objc; path = "RCTConvert+GMSMapViewType.m"; sourceTree = "<group>"; };
		39DBD2A6295C9A4D00FB828D /* AIRGoogleMapCalloutSubviewManager.m */ = {isa = PBXFileReference; fileEncoding = 4; lastKnownFileType = sourcecode.c.objc; path = AIRGoogleMapCalloutSubviewManager.m; sourceTree = "<group>"; };
		39DBD2A7295C9A4D00FB828D /* AIRGoogleMapCallout.m */ = {isa = PBXFileReference; fileEncoding = 4; lastKnownFileType = sourcecode.c.objc; path = AIRGoogleMapCallout.m; sourceTree = "<group>"; };
		39DBD2A8295C9A4D00FB828D /* AIRGoogleMapOverlayManager.m */ = {isa = PBXFileReference; fileEncoding = 4; lastKnownFileType = sourcecode.c.objc; path = AIRGoogleMapOverlayManager.m; sourceTree = "<group>"; };
		39DBD2A9295C9A4D00FB828D /* AIRGoogleMapHeatmap.m */ = {isa = PBXFileReference; fileEncoding = 4; lastKnownFileType = sourcecode.c.objc; path = AIRGoogleMapHeatmap.m; sourceTree = "<group>"; };
		39DBD2AA295C9A4D00FB828D /* AIRGoogleMap.m */ = {isa = PBXFileReference; fileEncoding = 4; lastKnownFileType = sourcecode.c.objc; path = AIRGoogleMap.m; sourceTree = "<group>"; };
		39DBD2AB295C9A4D00FB828D /* AIRGoogleMapCircle.h */ = {isa = PBXFileReference; fileEncoding = 4; lastKnownFileType = sourcecode.c.h; path = AIRGoogleMapCircle.h; sourceTree = "<group>"; };
		39DBD2AC295C9A4D00FB828D /* AIRGoogleMapWMSTileManager.h */ = {isa = PBXFileReference; fileEncoding = 4; lastKnownFileType = sourcecode.c.h; path = AIRGoogleMapWMSTileManager.h; sourceTree = "<group>"; };
		39DBD2AD295C9A4D00FB828D /* AIRGoogleMapUrlTileManager.h */ = {isa = PBXFileReference; fileEncoding = 4; lastKnownFileType = sourcecode.c.h; path = AIRGoogleMapUrlTileManager.h; sourceTree = "<group>"; };
		39DBD2AE295C9A4D00FB828D /* AIRGoogleMapCircleManager.h */ = {isa = PBXFileReference; fileEncoding = 4; lastKnownFileType = sourcecode.c.h; path = AIRGoogleMapCircleManager.h; sourceTree = "<group>"; };
		39DBD2AF295C9A4D00FB828D /* AIRGoogleMapPolygon.m */ = {isa = PBXFileReference; fileEncoding = 4; lastKnownFileType = sourcecode.c.objc; path = AIRGoogleMapPolygon.m; sourceTree = "<group>"; };
		39DBD2B0295C9A4D00FB828D /* AIRGMSMarker.m */ = {isa = PBXFileReference; fileEncoding = 4; lastKnownFileType = sourcecode.c.objc; path = AIRGMSMarker.m; sourceTree = "<group>"; };
		39DBD2B1295C9A4D00FB828D /* AIRGoogleMapCalloutSubview.m */ = {isa = PBXFileReference; fileEncoding = 4; lastKnownFileType = sourcecode.c.objc; path = AIRGoogleMapCalloutSubview.m; sourceTree = "<group>"; };
		39DBD2EC295C9AE300FB828D /* main.jsbundle */ = {isa = PBXFileReference; fileEncoding = 4; lastKnownFileType = text; path = main.jsbundle; sourceTree = "<group>"; };
		3A5DEBC64A4CB52084D44EB9 /* Pods-UpPark-UpParkTests.release.xcconfig */ = {isa = PBXFileReference; includeInIndex = 1; lastKnownFileType = text.xcconfig; name = "Pods-UpPark-UpParkTests.release.xcconfig"; path = "Target Support Files/Pods-UpPark-UpParkTests/Pods-UpPark-UpParkTests.release.xcconfig"; sourceTree = "<group>"; };
		6646EF21E8959FE22E9BC17B /* Pods-UpPark.release.xcconfig */ = {isa = PBXFileReference; includeInIndex = 1; lastKnownFileType = text.xcconfig; name = "Pods-UpPark.release.xcconfig"; path = "Target Support Files/Pods-UpPark/Pods-UpPark.release.xcconfig"; sourceTree = "<group>"; };
		A4A145B88D81E53982F4F1E3 /* libPods-UpPark.a */ = {isa = PBXFileReference; explicitFileType = archive.ar; includeInIndex = 0; path = "libPods-UpPark.a"; sourceTree = BUILT_PRODUCTS_DIR; };
		A55391BB2B3DDF4C002FDA84 /* GoogleService-Info.plist */ = {isa = PBXFileReference; fileEncoding = 4; lastKnownFileType = text.plist.xml; path = "GoogleService-Info.plist"; sourceTree = "<group>"; };
		ADF129ACF9E77B75EFE4625E /* Pods-UpPark-UpParkTests.debug.xcconfig */ = {isa = PBXFileReference; includeInIndex = 1; lastKnownFileType = text.xcconfig; name = "Pods-UpPark-UpParkTests.debug.xcconfig"; path = "Target Support Files/Pods-UpPark-UpParkTests/Pods-UpPark-UpParkTests.debug.xcconfig"; sourceTree = "<group>"; };
		B955B3B7E7FB4F41A15CD1A3 /* Pods-UpPark.debug.xcconfig */ = {isa = PBXFileReference; includeInIndex = 1; lastKnownFileType = text.xcconfig; name = "Pods-UpPark.debug.xcconfig"; path = "Target Support Files/Pods-UpPark/Pods-UpPark.debug.xcconfig"; sourceTree = "<group>"; };
		E14FD3D4CD79AFFCF556FDB1 /* libPods-UpPark-UpParkTests.a */ = {isa = PBXFileReference; explicitFileType = archive.ar; includeInIndex = 0; path = "libPods-UpPark-UpParkTests.a"; sourceTree = BUILT_PRODUCTS_DIR; };
		ED297162215061F000B7C4FE /* JavaScriptCore.framework */ = {isa = PBXFileReference; lastKnownFileType = wrapper.framework; name = JavaScriptCore.framework; path = System/Library/Frameworks/JavaScriptCore.framework; sourceTree = SDKROOT; };
/* End PBXFileReference section */

/* Begin PBXFrameworksBuildPhase section */
		00E356EB1AD99517003FC87E /* Frameworks */ = {
			isa = PBXFrameworksBuildPhase;
			buildActionMask = 2147483647;
			files = (
				5496B101AEFA52BCA2011A90 /* libPods-UpPark-UpParkTests.a in Frameworks */,
			);
			runOnlyForDeploymentPostprocessing = 0;
		};
		13B07F8C1A680F5B00A75B9A /* Frameworks */ = {
			isa = PBXFrameworksBuildPhase;
			buildActionMask = 2147483647;
			files = (
				39C997C329C3B9E700441C4D /* FacebookCore in Frameworks */,
				39C997C529C3B9E700441C4D /* FacebookLogin in Frameworks */,
				5CB4F7DEEC87AA5E21B2D5E8 /* libPods-UpPark.a in Frameworks */,
			);
			runOnlyForDeploymentPostprocessing = 0;
		};
/* End PBXFrameworksBuildPhase section */

/* Begin PBXGroup section */
		00E356EF1AD99517003FC87E /* UpParkTests */ = {
			isa = PBXGroup;
			children = (
				00E356F21AD99517003FC87E /* UpParkTests.m */,
				00E356F01AD99517003FC87E /* Supporting Files */,
			);
			path = UpParkTests;
			sourceTree = "<group>";
		};
		00E356F01AD99517003FC87E /* Supporting Files */ = {
			isa = PBXGroup;
			children = (
				00E356F11AD99517003FC87E /* Info.plist */,
			);
			name = "Supporting Files";
			sourceTree = "<group>";
		};
		13B07FAE1A68108700A75B9A /* UpPark */ = {
			isa = PBXGroup;
			children = (
				39337CDB295B6977004B7720 /* UpPark.entitlements */,
				13B07FAF1A68108700A75B9A /* AppDelegate.h */,
				13B07FB01A68108700A75B9A /* AppDelegate.mm */,
				13B07FB51A68108700A75B9A /* Images.xcassets */,
				13B07FB61A68108700A75B9A /* Info.plist */,
				13B07FB71A68108700A75B9A /* main.m */,
			);
			name = UpPark;
			sourceTree = "<group>";
		};
		2D16E6871FA4F8E400B85C8A /* Frameworks */ = {
			isa = PBXGroup;
			children = (
				3942722029C318870053BC17 /* libRNPermissions.a */,
				ED297162215061F000B7C4FE /* JavaScriptCore.framework */,
				A4A145B88D81E53982F4F1E3 /* libPods-UpPark.a */,
				E14FD3D4CD79AFFCF556FDB1 /* libPods-UpPark-UpParkTests.a */,
			);
			name = Frameworks;
			sourceTree = "<group>";
		};
		39337CD9295B0525004B7720 /* Fonts */ = {
			isa = PBXGroup;
			children = (
				39337CD1295AF5D9004B7720 /* AzoSans-Bold.ttf */,
				39337CCD295AF5D9004B7720 /* AzoSans-Bold.woff */,
				39337CCE295AF5D9004B7720 /* AzoSans-Bold.woff2 */,
				39337CCF295AF5D9004B7720 /* AzoSans-Medium.ttf */,
				39337CD0295AF5D9004B7720 /* AzoSans-Medium.woff */,
				39337CD2295AF5D9004B7720 /* AzoSans-Medium.woff2 */,
			);
			path = Fonts;
			sourceTree = "<group>";
		};
		39DBD23A295C9A4D00FB828D /* AirMaps */ = {
			isa = PBXGroup;
			children = (
				39DBD23B295C9A4D00FB828D /* AIRMapLocalTileManager.h */,
				39DBD23C295C9A4D00FB828D /* AIRMapCallout.h */,
				39DBD23D295C9A4D00FB828D /* AIRWeakTimerReference.h */,
				39DBD23E295C9A4D00FB828D /* AIRMapLocalTileOverlay.h */,
				39DBD23F295C9A4D00FB828D /* AIRMapCalloutManager.m */,
				39DBD240295C9A4D00FB828D /* AIRMap.h */,
				39DBD241295C9A4D00FB828D /* AIRMapPolygon.h */,
				39DBD242295C9A4D00FB828D /* AIRMapPolygonManager.h */,
				39DBD243295C9A4D00FB828D /* AIRMapMarker.h */,
				39DBD244295C9A4D00FB828D /* AIRMapCircleManager.h */,
				39DBD245295C9A4D00FB828D /* AIRWeakMapReference.h */,
				39DBD246295C9A4D00FB828D /* AIRMapUrlTileCachedOverlay.m */,
				39DBD247295C9A4D00FB828D /* AIRMapPolyline.h */,
				39DBD248295C9A4D00FB828D /* AIRMapLocalTile.m */,
				39DBD249295C9A4D00FB828D /* AIRMapWMSTileManager.h */,
				39DBD24A295C9A4D00FB828D /* AIRMapUrlTileManager.h */,
				39DBD24B295C9A4D00FB828D /* AIRMapMarkerManager.m */,
				39DBD24C295C9A4D00FB828D /* AIRMapCalloutSubviewManager.h */,
				39DBD24D295C9A4D00FB828D /* AIRMapUrlTile.m */,
				39DBD24E295C9A4D00FB828D /* AIRMapPolylineRenderer.m */,
				39DBD24F295C9A4D00FB828D /* AIRMapOverlayManager.m */,
				39DBD250295C9A4D00FB828D /* AIRMapWMSTile.h */,
				39DBD251295C9A4D00FB828D /* AIRMapCircle.h */,
				39DBD252295C9A4D00FB828D /* AIRMapCoordinate.m */,
				39DBD253295C9A4D00FB828D /* RCTConvert+AirMap.h */,
				39DBD254295C9A4D00FB828D /* AIRMapCalloutSubview.m */,
				39DBD255295C9A4D00FB828D /* AIRMapOverlay.h */,
				39DBD256295C9A4D00FB828D /* AIRMapOverlayRenderer.h */,
				39DBD257295C9A4D00FB828D /* AIRMapManager.h */,
				39DBD258295C9A4D00FB828D /* AIRMapPolylineManager.m */,
				39DBD259295C9A4D00FB828D /* AIRMapCalloutManager.h */,
				39DBD25A295C9A4D00FB828D /* Callout */,
				39DBD25D295C9A4D00FB828D /* AIRMapLocalTileOverlay.m */,
				39DBD25E295C9A4D00FB828D /* AIRWeakTimerReference.m */,
				39DBD25F295C9A4D00FB828D /* AIRMapCallout.m */,
				39DBD260295C9A4D00FB828D /* AIRMapLocalTileManager.m */,
				39DBD261295C9A4D00FB828D /* AIRMapPolyline.m */,
				39DBD262295C9A4D00FB828D /* AIRMapSnapshot.h */,
				39DBD263295C9A4D00FB828D /* AIRWeakMapReference.m */,
				39DBD264295C9A4D00FB828D /* AIRMapUrlTileCachedOverlay.h */,
				39DBD265295C9A4D00FB828D /* AIRMapCircleManager.m */,
				39DBD266295C9A4D00FB828D /* AIRMapMarker.m */,
				39DBD267295C9A4D00FB828D /* AIRMapPolygonManager.m */,
				39DBD268295C9A4D00FB828D /* AIRMapPolygon.m */,
				39DBD269295C9A4D00FB828D /* AIRMap.m */,
				39DBD26A295C9A4D00FB828D /* AIRMapCoordinate.h */,
				39DBD26B295C9A4D00FB828D /* AIRMapCircle.m */,
				39DBD26C295C9A4D00FB828D /* AIRMapOverlayManager.h */,
				39DBD26D295C9A4D00FB828D /* AIRMapWMSTile.m */,
				39DBD26E295C9A4D00FB828D /* AIRMapPolylineRenderer.h */,
				39DBD26F295C9A4D00FB828D /* AIRMapUrlTile.h */,
				39DBD270295C9A4D00FB828D /* AIRMapCalloutSubviewManager.m */,
				39DBD271295C9A4D00FB828D /* AIRMapUrlTileManager.m */,
				39DBD272295C9A4D00FB828D /* AIRMapMarkerManager.h */,
				39DBD273295C9A4D00FB828D /* AIRMapWMSTileManager.m */,
				39DBD274295C9A4D00FB828D /* AIRMapLocalTile.h */,
				39DBD275295C9A4D00FB828D /* AIRMapPolylineManager.h */,
				39DBD276295C9A4D00FB828D /* AIRMapManager.m */,
				39DBD277295C9A4D00FB828D /* AIRMapOverlay.m */,
				39DBD278295C9A4D00FB828D /* AIRMapOverlayRenderer.m */,
				39DBD279295C9A4D00FB828D /* AIRMapCalloutSubview.h */,
				39DBD27A295C9A4D00FB828D /* RCTConvert+AirMap.m */,
			);
			path = AirMaps;
			sourceTree = "<group>";
		};
		39DBD25A295C9A4D00FB828D /* Callout */ = {
			isa = PBXGroup;
			children = (
				39DBD25B295C9A4D00FB828D /* SMCalloutView.m */,
				39DBD25C295C9A4D00FB828D /* SMCalloutView.h */,
			);
			path = Callout;
			sourceTree = "<group>";
		};
		39DBD27B295C9A4D00FB828D /* AirGoogleMaps */ = {
			isa = PBXGroup;
			children = (
				39DBD27C295C9A4D00FB828D /* AIRDummyView.m */,
				39DBD27D295C9A4D00FB828D /* AIRGoogleMapWMSTile.h */,
				39DBD27E295C9A4D00FB828D /* AIRGoogleMapPolyline.h */,
				39DBD27F295C9A4D00FB828D /* AIRGoogleMapHeatmapManager.h */,
				39DBD280295C9A4D00FB828D /* AIRGoogleMapUrlTile.m */,
				39DBD281295C9A4D00FB828D /* AIRGoogleMapMarkerManager.h */,
				39DBD282295C9A4D00FB828D /* AIRGoogleMapCalloutManager.h */,
				39DBD283295C9A4D00FB828D /* AIRGoogleMapPolygonManager.m */,
				39DBD284295C9A4D00FB828D /* RCTConvert+GMSMapViewType.h */,
				39DBD285295C9A4D00FB828D /* AIRGoogleMapManager.h */,
				39DBD286295C9A4D00FB828D /* AIRGoogleMapMarker.m */,
				39DBD287295C9A4D00FB828D /* AIRGMSPolyline.h */,
				39DBD288295C9A4D00FB828D /* AIRGoogleMapPolylineManager.h */,
				39DBD289295C9A4D00FB828D /* AIRGoogleMapOverlay.h */,
				39DBD28A295C9A4D00FB828D /* AIRGMSPolygon.m */,
				39DBD28B295C9A4D00FB828D /* AIRGoogleMapURLTileManager.m */,
				39DBD28C295C9A4D00FB828D /* AIRGoogleMapWMSTileManager.m */,
				39DBD28D295C9A4D00FB828D /* AIRGoogleMapCircle.m */,
				39DBD28E295C9A4D00FB828D /* AIRGoogleMap.h */,
				39DBD28F295C9A4D00FB828D /* AIRGoogleMapHeatmap.h */,
				39DBD290295C9A4D00FB828D /* AIRGoogleMapOverlayManager.h */,
				39DBD291295C9A4D00FB828D /* AIRGoogleMapCallout.h */,
				39DBD292295C9A4D00FB828D /* AIRGoogleMapCalloutSubviewManager.h */,
				39DBD293295C9A4D00FB828D /* AIRGoogleMapCalloutSubview.h */,
				39DBD294295C9A4D00FB828D /* AIRGMSMarker.h */,
				39DBD295295C9A4D00FB828D /* AIRGoogleMapCircleManager.m */,
				39DBD296295C9A4D00FB828D /* AIRGoogleMapPolygon.h */,
				39DBD297295C9A4D00FB828D /* AIRGoogleMapCalloutManager.m */,
				39DBD298295C9A4D00FB828D /* AIRGoogleMapMarkerManager.m */,
				39DBD299295C9A4D00FB828D /* AIRGoogleMapUrlTile.h */,
				39DBD29A295C9A4D00FB828D /* AIRGoogleMapPolyline.m */,
				39DBD29B295C9A4D00FB828D /* AIRGoogleMapHeatmapManager.m */,
				39DBD29C295C9A4D00FB828D /* AIRGoogleMapWMSTile.m */,
				39DBD29D295C9A4D00FB828D /* AIRDummyView.h */,
				39DBD29E295C9A4D00FB828D /* AIRGMSPolygon.h */,
				39DBD29F295C9A4D00FB828D /* AIRGoogleMapOverlay.m */,
				39DBD2A0295C9A4D00FB828D /* AIRGMSPolyline.m */,
				39DBD2A1295C9A4D00FB828D /* AIRGoogleMapPolylineManager.m */,
				39DBD2A2295C9A4D00FB828D /* AIRGoogleMapManager.m */,
				39DBD2A3295C9A4D00FB828D /* AIRGoogleMapMarker.h */,
				39DBD2A4295C9A4D00FB828D /* AIRGoogleMapPolygonManager.h */,
				39DBD2A5295C9A4D00FB828D /* RCTConvert+GMSMapViewType.m */,
				39DBD2A6295C9A4D00FB828D /* AIRGoogleMapCalloutSubviewManager.m */,
				39DBD2A7295C9A4D00FB828D /* AIRGoogleMapCallout.m */,
				39DBD2A8295C9A4D00FB828D /* AIRGoogleMapOverlayManager.m */,
				39DBD2A9295C9A4D00FB828D /* AIRGoogleMapHeatmap.m */,
				39DBD2AA295C9A4D00FB828D /* AIRGoogleMap.m */,
				39DBD2AB295C9A4D00FB828D /* AIRGoogleMapCircle.h */,
				39DBD2AC295C9A4D00FB828D /* AIRGoogleMapWMSTileManager.h */,
				39DBD2AD295C9A4D00FB828D /* AIRGoogleMapUrlTileManager.h */,
				39DBD2AE295C9A4D00FB828D /* AIRGoogleMapCircleManager.h */,
				39DBD2AF295C9A4D00FB828D /* AIRGoogleMapPolygon.m */,
				39DBD2B0295C9A4D00FB828D /* AIRGMSMarker.m */,
				39DBD2B1295C9A4D00FB828D /* AIRGoogleMapCalloutSubview.m */,
			);
			path = AirGoogleMaps;
			sourceTree = "<group>";
		};
		6A203079DE7542D59EB89A0E /* Resources */ = {
			isa = PBXGroup;
			children = (
			);
			name = Resources;
			sourceTree = "<group>";
		};
		832341AE1AAA6A7D00B99B32 /* Libraries */ = {
			isa = PBXGroup;
			children = (
			);
			name = Libraries;
			sourceTree = "<group>";
		};
		83CBB9F61A601CBA00E9B192 = {
			isa = PBXGroup;
			children = (
				A55391BB2B3DDF4C002FDA84 /* GoogleService-Info.plist */,
				39DBD2EC295C9AE300FB828D /* main.jsbundle */,
				39DBD27B295C9A4D00FB828D /* AirGoogleMaps */,
				39DBD23A295C9A4D00FB828D /* AirMaps */,
				39337CD9295B0525004B7720 /* Fonts */,
				13B07FAE1A68108700A75B9A /* UpPark */,
				832341AE1AAA6A7D00B99B32 /* Libraries */,
				00E356EF1AD99517003FC87E /* UpParkTests */,
				83CBBA001A601CBA00E9B192 /* Products */,
				2D16E6871FA4F8E400B85C8A /* Frameworks */,
				BBD78D7AC51CEA395F1C20DB /* Pods */,
				6A203079DE7542D59EB89A0E /* Resources */,
			);
			indentWidth = 2;
			sourceTree = "<group>";
			tabWidth = 2;
			usesTabs = 0;
		};
		83CBBA001A601CBA00E9B192 /* Products */ = {
			isa = PBXGroup;
			children = (
				13B07F961A680F5B00A75B9A /* UpPark.app */,
				00E356EE1AD99517003FC87E /* UpParkTests.xctest */,
			);
			name = Products;
			sourceTree = "<group>";
		};
		BBD78D7AC51CEA395F1C20DB /* Pods */ = {
			isa = PBXGroup;
			children = (
				B955B3B7E7FB4F41A15CD1A3 /* Pods-UpPark.debug.xcconfig */,
				6646EF21E8959FE22E9BC17B /* Pods-UpPark.release.xcconfig */,
				ADF129ACF9E77B75EFE4625E /* Pods-UpPark-UpParkTests.debug.xcconfig */,
				3A5DEBC64A4CB52084D44EB9 /* Pods-UpPark-UpParkTests.release.xcconfig */,
			);
			path = Pods;
			sourceTree = "<group>";
		};
/* End PBXGroup section */

/* Begin PBXNativeTarget section */
		00E356ED1AD99517003FC87E /* UpParkTests */ = {
			isa = PBXNativeTarget;
			buildConfigurationList = 00E357021AD99517003FC87E /* Build configuration list for PBXNativeTarget "UpParkTests" */;
			buildPhases = (
				EFCA196D49C35A2152CC9BF6 /* [CP] Check Pods Manifest.lock */,
				00E356EA1AD99517003FC87E /* Sources */,
				00E356EB1AD99517003FC87E /* Frameworks */,
				00E356EC1AD99517003FC87E /* Resources */,
				85378FEDC137B99A193FCD21 /* [CP] Embed Pods Frameworks */,
				0585DED86CDD2434CB0E456F /* [CP] Copy Pods Resources */,
			);
			buildRules = (
			);
			dependencies = (
				00E356F51AD99517003FC87E /* PBXTargetDependency */,
			);
			name = UpParkTests;
			productName = UpParkTests;
			productReference = 00E356EE1AD99517003FC87E /* UpParkTests.xctest */;
			productType = "com.apple.product-type.bundle.unit-test";
		};
		13B07F861A680F5B00A75B9A /* UpPark */ = {
			isa = PBXNativeTarget;
			buildConfigurationList = 13B07F931A680F5B00A75B9A /* Build configuration list for PBXNativeTarget "UpPark" */;
			buildPhases = (
				CF045F7D234CF349B11166DD /* [CP] Check Pods Manifest.lock */,
				FD10A7F022414F080027D42C /* Start Packager */,
				13B07F871A680F5B00A75B9A /* Sources */,
				13B07F8C1A680F5B00A75B9A /* Frameworks */,
				13B07F8E1A680F5B00A75B9A /* Resources */,
				00DD1BFF1BD5951E006B06BC /* Bundle React Native code and images */,
				0203022787A6484288074DB5 /* Upload Debug Symbols to Sentry */,
				1AB8565F977A1F497CDDDC10 /* [CP] Embed Pods Frameworks */,
				BD6D41450BC93D4339C93FB0 /* [CP] Copy Pods Resources */,
				8906AA3AB7DC6CBF8AE51034 /* [CP-User] [RNFB] Core Configuration */,
			);
			buildRules = (
			);
			dependencies = (
			);
			name = UpPark;
			packageProductDependencies = (
				39C997C229C3B9E700441C4D /* FacebookCore */,
				39C997C429C3B9E700441C4D /* FacebookLogin */,
			);
			productName = UpPark;
			productReference = 13B07F961A680F5B00A75B9A /* UpPark.app */;
			productType = "com.apple.product-type.application";
		};
/* End PBXNativeTarget section */

/* Begin PBXProject section */
		83CBB9F71A601CBA00E9B192 /* Project object */ = {
			isa = PBXProject;
			attributes = {
				LastUpgradeCheck = 1210;
				TargetAttributes = {
					00E356ED1AD99517003FC87E = {
						CreatedOnToolsVersion = 6.2;
						TestTargetID = 13B07F861A680F5B00A75B9A;
					};
					13B07F861A680F5B00A75B9A = {
						LastSwiftMigration = 1120;
					};
				};
			};
			buildConfigurationList = 83CBB9FA1A601CBA00E9B192 /* Build configuration list for PBXProject "UpPark" */;
			compatibilityVersion = "Xcode 12.0";
			developmentRegion = en;
			hasScannedForEncodings = 0;
			knownRegions = (
				en,
				Base,
			);
			mainGroup = 83CBB9F61A601CBA00E9B192;
			packageReferences = (
				39C997C129C3B9E700441C4D /* XCRemoteSwiftPackageReference "facebook-ios-sdk" */,
			);
			productRefGroup = 83CBBA001A601CBA00E9B192 /* Products */;
			projectDirPath = "";
			projectRoot = "";
			targets = (
				13B07F861A680F5B00A75B9A /* UpPark */,
				00E356ED1AD99517003FC87E /* UpParkTests */,
			);
		};
/* End PBXProject section */

/* Begin PBXResourcesBuildPhase section */
		00E356EC1AD99517003FC87E /* Resources */ = {
			isa = PBXResourcesBuildPhase;
			buildActionMask = 2147483647;
			files = (
			);
			runOnlyForDeploymentPostprocessing = 0;
		};
		13B07F8E1A680F5B00A75B9A /* Resources */ = {
			isa = PBXResourcesBuildPhase;
			buildActionMask = 2147483647;
			files = (
				39337CD3295AF5D9004B7720 /* AzoSans-Bold.woff in Resources */,
				39337CD4295AF5D9004B7720 /* AzoSans-Bold.woff2 in Resources */,
				A55391BC2B3DDF4C002FDA84 /* GoogleService-Info.plist in Resources */,
				39337CD5295AF5D9004B7720 /* AzoSans-Medium.ttf in Resources */,
				39337CD6295AF5D9004B7720 /* AzoSans-Medium.woff in Resources */,
				39337CD7295AF5D9004B7720 /* AzoSans-Bold.ttf in Resources */,
				39337CD8295AF5D9004B7720 /* AzoSans-Medium.woff2 in Resources */,
				39DBD2ED295C9AE300FB828D /* main.jsbundle in Resources */,
				13B07FBF1A68108700A75B9A /* Images.xcassets in Resources */,
			);
			runOnlyForDeploymentPostprocessing = 0;
		};
/* End PBXResourcesBuildPhase section */

/* Begin PBXShellScriptBuildPhase section */
		00DD1BFF1BD5951E006B06BC /* Bundle React Native code and images */ = {
			isa = PBXShellScriptBuildPhase;
			buildActionMask = 2147483647;
			files = (
			);
			inputPaths = (
				"$(SRCROOT)/.xcode.env.local",
				"$(SRCROOT)/.xcode.env",
			);
			name = "Bundle React Native code and images";
			outputPaths = (
			);
			runOnlyForDeploymentPostprocessing = 0;
			shellPath = /bin/sh;
			shellScript = "export SENTRY_PROPERTIES=sentry.properties\nexport EXTRA_PACKAGER_ARGS=\"--sourcemap-output $DERIVED_FILE_DIR/main.jsbundle.map\"\nset -e\n\nWITH_ENVIRONMENT=\"../node_modules/react-native/scripts/xcode/with-environment.sh\"\nREACT_NATIVE_XCODE=\"../node_modules/react-native/scripts/react-native-xcode.sh\"\n\n/bin/sh -c \"$WITH_ENVIRONMENT \\\"../node_modules/@sentry/cli/bin/sentry-cli react-native xcode $REACT_NATIVE_XCODE\\\"\"\n\n/bin/sh ../node_modules/@sentry/react-native/scripts/collect-modules.sh\n";
		};
		0203022787A6484288074DB5 /* Upload Debug Symbols to Sentry */ = {
			isa = PBXShellScriptBuildPhase;
			buildActionMask = 2147483647;
			files = (
			);
			inputPaths = (
			);
			name = "Upload Debug Symbols to Sentry";
			outputPaths = (
			);
			runOnlyForDeploymentPostprocessing = 0;
			shellPath = /bin/sh;
			shellScript = "\nexport SENTRY_PROPERTIES=sentry.properties\n[[ $SENTRY_INCLUDE_NATIVE_SOURCES == \"true\" ]] && INCLUDE_SOURCES_FLAG=\"--include-sources\" || INCLUDE_SOURCES_FLAG=\"\"\n../node_modules/@sentry/cli/bin/sentry-cli debug-files upload \"$INCLUDE_SOURCES_FLAG\" \"$DWARF_DSYM_FOLDER_PATH\"\n";
		};
		0585DED86CDD2434CB0E456F /* [CP] Copy Pods Resources */ = {
			isa = PBXShellScriptBuildPhase;
			buildActionMask = 2147483647;
			files = (
			);
			inputFileListPaths = (
				"${PODS_ROOT}/Target Support Files/Pods-UpPark-UpParkTests/Pods-UpPark-UpParkTests-resources-${CONFIGURATION}-input-files.xcfilelist",
			);
			name = "[CP] Copy Pods Resources";
			outputFileListPaths = (
				"${PODS_ROOT}/Target Support Files/Pods-UpPark-UpParkTests/Pods-UpPark-UpParkTests-resources-${CONFIGURATION}-output-files.xcfilelist",
			);
			runOnlyForDeploymentPostprocessing = 0;
			shellPath = /bin/sh;
			shellScript = "\"${PODS_ROOT}/Target Support Files/Pods-UpPark-UpParkTests/Pods-UpPark-UpParkTests-resources.sh\"\n";
			showEnvVarsInLog = 0;
		};
		1AB8565F977A1F497CDDDC10 /* [CP] Embed Pods Frameworks */ = {
			isa = PBXShellScriptBuildPhase;
			buildActionMask = 2147483647;
			files = (
			);
			inputFileListPaths = (
				"${PODS_ROOT}/Target Support Files/Pods-UpPark/Pods-UpPark-frameworks-${CONFIGURATION}-input-files.xcfilelist",
			);
			name = "[CP] Embed Pods Frameworks";
			outputFileListPaths = (
				"${PODS_ROOT}/Target Support Files/Pods-UpPark/Pods-UpPark-frameworks-${CONFIGURATION}-output-files.xcfilelist",
			);
			runOnlyForDeploymentPostprocessing = 0;
			shellPath = /bin/sh;
			shellScript = "\"${PODS_ROOT}/Target Support Files/Pods-UpPark/Pods-UpPark-frameworks.sh\"\n";
			showEnvVarsInLog = 0;
		};
		85378FEDC137B99A193FCD21 /* [CP] Embed Pods Frameworks */ = {
			isa = PBXShellScriptBuildPhase;
			buildActionMask = 2147483647;
			files = (
			);
			inputFileListPaths = (
				"${PODS_ROOT}/Target Support Files/Pods-UpPark-UpParkTests/Pods-UpPark-UpParkTests-frameworks-${CONFIGURATION}-input-files.xcfilelist",
			);
			name = "[CP] Embed Pods Frameworks";
			outputFileListPaths = (
				"${PODS_ROOT}/Target Support Files/Pods-UpPark-UpParkTests/Pods-UpPark-UpParkTests-frameworks-${CONFIGURATION}-output-files.xcfilelist",
			);
			runOnlyForDeploymentPostprocessing = 0;
			shellPath = /bin/sh;
			shellScript = "\"${PODS_ROOT}/Target Support Files/Pods-UpPark-UpParkTests/Pods-UpPark-UpParkTests-frameworks.sh\"\n";
			showEnvVarsInLog = 0;
		};
		8906AA3AB7DC6CBF8AE51034 /* [CP-User] [RNFB] Core Configuration */ = {
			isa = PBXShellScriptBuildPhase;
			buildActionMask = 2147483647;
			files = (
			);
			inputPaths = (
				"$(BUILT_PRODUCTS_DIR)/$(INFOPLIST_PATH)",
			);
			name = "[CP-User] [RNFB] Core Configuration";
			runOnlyForDeploymentPostprocessing = 0;
			shellPath = /bin/sh;
			shellScript = "#!/usr/bin/env bash\n#\n# Copyright (c) 2016-present Invertase Limited & Contributors\n#\n# Licensed under the Apache License, Version 2.0 (the \"License\");\n# you may not use this library except in compliance with the License.\n# You may obtain a copy of the License at\n#\n#   http://www.apache.org/licenses/LICENSE-2.0\n#\n# Unless required by applicable law or agreed to in writing, software\n# distributed under the License is distributed on an \"AS IS\" BASIS,\n# WITHOUT WARRANTIES OR CONDITIONS OF ANY KIND, either express or implied.\n# See the License for the specific language governing permissions and\n# limitations under the License.\n#\nset -e\n\n_MAX_LOOKUPS=2;\n_SEARCH_RESULT=''\n_RN_ROOT_EXISTS=''\n_CURRENT_LOOKUPS=1\n_JSON_ROOT=\"'react-native'\"\n_JSON_FILE_NAME='firebase.json'\n_JSON_OUTPUT_BASE64='e30=' # { }\n_CURRENT_SEARCH_DIR=${PROJECT_DIR}\n_PLIST_BUDDY=/usr/libexec/PlistBuddy\n_TARGET_PLIST=\"${BUILT_PRODUCTS_DIR}/${INFOPLIST_PATH}\"\n_DSYM_PLIST=\"${DWARF_DSYM_FOLDER_PATH}/${DWARF_DSYM_FILE_NAME}/Contents/Info.plist\"\n\n# plist arrays\n_PLIST_ENTRY_KEYS=()\n_PLIST_ENTRY_TYPES=()\n_PLIST_ENTRY_VALUES=()\n\nfunction setPlistValue {\n  echo \"info:      setting plist entry '$1' of type '$2' in file '$4'\"\n  ${_PLIST_BUDDY} -c \"Add :$1 $2 '$3'\" $4 || echo \"info:      '$1' already exists\"\n}\n\nfunction getFirebaseJsonKeyValue () {\n  if [[ ${_RN_ROOT_EXISTS} ]]; then\n    ruby -Ku -e \"require 'rubygems';require 'json'; output=JSON.parse('$1'); puts output[$_JSON_ROOT]['$2']\"\n  else\n    echo \"\"\n  fi;\n}\n\nfunction jsonBoolToYesNo () {\n  if [[ $1 == \"false\" ]]; then\n    echo \"NO\"\n  elif [[ $1 == \"true\" ]]; then\n    echo \"YES\"\n  else echo \"NO\"\n  fi\n}\n\necho \"info: -> RNFB build script started\"\necho \"info: 1) Locating ${_JSON_FILE_NAME} file:\"\n\nif [[ -z ${_CURRENT_SEARCH_DIR} ]]; then\n  _CURRENT_SEARCH_DIR=$(pwd)\nfi;\n\nwhile true; do\n  _CURRENT_SEARCH_DIR=$(dirname \"$_CURRENT_SEARCH_DIR\")\n  if [[ \"$_CURRENT_SEARCH_DIR\" == \"/\" ]] || [[ ${_CURRENT_LOOKUPS} -gt ${_MAX_LOOKUPS} ]]; then break; fi;\n  echo \"info:      ($_CURRENT_LOOKUPS of $_MAX_LOOKUPS) Searching in '$_CURRENT_SEARCH_DIR' for a ${_JSON_FILE_NAME} file.\"\n  _SEARCH_RESULT=$(find \"$_CURRENT_SEARCH_DIR\" -maxdepth 2 -name ${_JSON_FILE_NAME} -print | /usr/bin/head -n 1)\n  if [[ ${_SEARCH_RESULT} ]]; then\n    echo \"info:      ${_JSON_FILE_NAME} found at $_SEARCH_RESULT\"\n    break;\n  fi;\n  _CURRENT_LOOKUPS=$((_CURRENT_LOOKUPS+1))\ndone\n\nif [[ ${_SEARCH_RESULT} ]]; then\n  _JSON_OUTPUT_RAW=$(cat \"${_SEARCH_RESULT}\")\n  _RN_ROOT_EXISTS=$(ruby -Ku -e \"require 'rubygems';require 'json'; output=JSON.parse('$_JSON_OUTPUT_RAW'); puts output[$_JSON_ROOT]\" || echo '')\n\n  if [[ ${_RN_ROOT_EXISTS} ]]; then\n    if ! python3 --version >/dev/null 2>&1; then echo \"python3 not found, firebase.json file processing error.\" && exit 1; fi\n    _JSON_OUTPUT_BASE64=$(python3 -c 'import json,sys,base64;print(base64.b64encode(bytes(json.dumps(json.loads(open('\"'${_SEARCH_RESULT}'\"', '\"'rb'\"').read())['${_JSON_ROOT}']), '\"'utf-8'\"')).decode())' || echo \"e30=\")\n  fi\n\n  _PLIST_ENTRY_KEYS+=(\"firebase_json_raw\")\n  _PLIST_ENTRY_TYPES+=(\"string\")\n  _PLIST_ENTRY_VALUES+=(\"$_JSON_OUTPUT_BASE64\")\n\n  # config.app_data_collection_default_enabled\n  _APP_DATA_COLLECTION_ENABLED=$(getFirebaseJsonKeyValue \"$_JSON_OUTPUT_RAW\" \"app_data_collection_default_enabled\")\n  if [[ $_APP_DATA_COLLECTION_ENABLED ]]; then\n    _PLIST_ENTRY_KEYS+=(\"FirebaseDataCollectionDefaultEnabled\")\n    _PLIST_ENTRY_TYPES+=(\"bool\")\n    _PLIST_ENTRY_VALUES+=(\"$(jsonBoolToYesNo \"$_APP_DATA_COLLECTION_ENABLED\")\")\n  fi\n\n  # config.analytics_auto_collection_enabled\n  _ANALYTICS_AUTO_COLLECTION=$(getFirebaseJsonKeyValue \"$_JSON_OUTPUT_RAW\" \"analytics_auto_collection_enabled\")\n  if [[ $_ANALYTICS_AUTO_COLLECTION ]]; then\n    _PLIST_ENTRY_KEYS+=(\"FIREBASE_ANALYTICS_COLLECTION_ENABLED\")\n    _PLIST_ENTRY_TYPES+=(\"bool\")\n    _PLIST_ENTRY_VALUES+=(\"$(jsonBoolToYesNo \"$_ANALYTICS_AUTO_COLLECTION\")\")\n  fi\n\n  # config.analytics_collection_deactivated\n  _ANALYTICS_DEACTIVATED=$(getFirebaseJsonKeyValue \"$_JSON_OUTPUT_RAW\" \"analytics_collection_deactivated\")\n  if [[ $_ANALYTICS_DEACTIVATED ]]; then\n    _PLIST_ENTRY_KEYS+=(\"FIREBASE_ANALYTICS_COLLECTION_DEACTIVATED\")\n    _PLIST_ENTRY_TYPES+=(\"bool\")\n    _PLIST_ENTRY_VALUES+=(\"$(jsonBoolToYesNo \"$_ANALYTICS_DEACTIVATED\")\")\n  fi\n\n  # config.analytics_idfv_collection_enabled\n  _ANALYTICS_IDFV_COLLECTION=$(getFirebaseJsonKeyValue \"$_JSON_OUTPUT_RAW\" \"analytics_idfv_collection_enabled\")\n  if [[ $_ANALYTICS_IDFV_COLLECTION ]]; then\n    _PLIST_ENTRY_KEYS+=(\"GOOGLE_ANALYTICS_IDFV_COLLECTION_ENABLED\")\n    _PLIST_ENTRY_TYPES+=(\"bool\")\n    _PLIST_ENTRY_VALUES+=(\"$(jsonBoolToYesNo \"$_ANALYTICS_IDFV_COLLECTION\")\")\n  fi\n\n  # config.analytics_default_allow_ad_personalization_signals\n  _ANALYTICS_PERSONALIZATION=$(getFirebaseJsonKeyValue \"$_JSON_OUTPUT_RAW\" \"analytics_default_allow_ad_personalization_signals\")\n  if [[ $_ANALYTICS_PERSONALIZATION ]]; then\n    _PLIST_ENTRY_KEYS+=(\"GOOGLE_ANALYTICS_DEFAULT_ALLOW_AD_PERSONALIZATION_SIGNALS\")\n    _PLIST_ENTRY_TYPES+=(\"bool\")\n    _PLIST_ENTRY_VALUES+=(\"$(jsonBoolToYesNo \"$_ANALYTICS_PERSONALIZATION\")\")\n  fi\n\n  # config.analytics_registration_with_ad_network_enabled\n  _ANALYTICS_REGISTRATION_WITH_AD_NETWORK=$(getFirebaseJsonKeyValue \"$_JSON_OUTPUT_RAW\" \"google_analytics_registration_with_ad_network_enabled\")\n  if [[ $_ANALYTICS_REGISTRATION_WITH_AD_NETWORK ]]; then\n    _PLIST_ENTRY_KEYS+=(\"GOOGLE_ANALYTICS_REGISTRATION_WITH_AD_NETWORK_ENABLED\")\n    _PLIST_ENTRY_TYPES+=(\"bool\")\n    _PLIST_ENTRY_VALUES+=(\"$(jsonBoolToYesNo \"$_ANALYTICS_REGISTRATION_WITH_AD_NETWORK\")\")\n  fi\n\n  # config.google_analytics_automatic_screen_reporting_enabled\n  _ANALYTICS_AUTO_SCREEN_REPORTING=$(getFirebaseJsonKeyValue \"$_JSON_OUTPUT_RAW\" \"google_analytics_automatic_screen_reporting_enabled\")\n  if [[ $_ANALYTICS_AUTO_SCREEN_REPORTING ]]; then\n    _PLIST_ENTRY_KEYS+=(\"FirebaseAutomaticScreenReportingEnabled\")\n    _PLIST_ENTRY_TYPES+=(\"bool\")\n    _PLIST_ENTRY_VALUES+=(\"$(jsonBoolToYesNo \"$_ANALYTICS_AUTO_SCREEN_REPORTING\")\")\n  fi\n\n  # config.perf_auto_collection_enabled\n  _PERF_AUTO_COLLECTION=$(getFirebaseJsonKeyValue \"$_JSON_OUTPUT_RAW\" \"perf_auto_collection_enabled\")\n  if [[ $_PERF_AUTO_COLLECTION ]]; then\n    _PLIST_ENTRY_KEYS+=(\"firebase_performance_collection_enabled\")\n    _PLIST_ENTRY_TYPES+=(\"bool\")\n    _PLIST_ENTRY_VALUES+=(\"$(jsonBoolToYesNo \"$_PERF_AUTO_COLLECTION\")\")\n  fi\n\n  # config.perf_collection_deactivated\n  _PERF_DEACTIVATED=$(getFirebaseJsonKeyValue \"$_JSON_OUTPUT_RAW\" \"perf_collection_deactivated\")\n  if [[ $_PERF_DEACTIVATED ]]; then\n    _PLIST_ENTRY_KEYS+=(\"firebase_performance_collection_deactivated\")\n    _PLIST_ENTRY_TYPES+=(\"bool\")\n    _PLIST_ENTRY_VALUES+=(\"$(jsonBoolToYesNo \"$_PERF_DEACTIVATED\")\")\n  fi\n\n  # config.messaging_auto_init_enabled\n  _MESSAGING_AUTO_INIT=$(getFirebaseJsonKeyValue \"$_JSON_OUTPUT_RAW\" \"messaging_auto_init_enabled\")\n  if [[ $_MESSAGING_AUTO_INIT ]]; then\n    _PLIST_ENTRY_KEYS+=(\"FirebaseMessagingAutoInitEnabled\")\n    _PLIST_ENTRY_TYPES+=(\"bool\")\n    _PLIST_ENTRY_VALUES+=(\"$(jsonBoolToYesNo \"$_MESSAGING_AUTO_INIT\")\")\n  fi\n\n  # config.in_app_messaging_auto_colllection_enabled\n  _FIAM_AUTO_INIT=$(getFirebaseJsonKeyValue \"$_JSON_OUTPUT_RAW\" \"in_app_messaging_auto_collection_enabled\")\n  if [[ $_FIAM_AUTO_INIT ]]; then\n    _PLIST_ENTRY_KEYS+=(\"FirebaseInAppMessagingAutomaticDataCollectionEnabled\")\n    _PLIST_ENTRY_TYPES+=(\"bool\")\n    _PLIST_ENTRY_VALUES+=(\"$(jsonBoolToYesNo \"$_FIAM_AUTO_INIT\")\")\n  fi\n\n  # config.app_check_token_auto_refresh\n  _APP_CHECK_TOKEN_AUTO_REFRESH=$(getFirebaseJsonKeyValue \"$_JSON_OUTPUT_RAW\" \"app_check_token_auto_refresh\")\n  if [[ $_APP_CHECK_TOKEN_AUTO_REFRESH ]]; then\n    _PLIST_ENTRY_KEYS+=(\"FirebaseAppCheckTokenAutoRefreshEnabled\")\n    _PLIST_ENTRY_TYPES+=(\"bool\")\n    _PLIST_ENTRY_VALUES+=(\"$(jsonBoolToYesNo \"$_APP_CHECK_TOKEN_AUTO_REFRESH\")\")\n  fi\n\n  # config.crashlytics_disable_auto_disabler - undocumented for now - mainly for debugging, document if becomes useful\n  _CRASHLYTICS_AUTO_DISABLE_ENABLED=$(getFirebaseJsonKeyValue \"$_JSON_OUTPUT_RAW\" \"crashlytics_disable_auto_disabler\")\n  if [[ $_CRASHLYTICS_AUTO_DISABLE_ENABLED == \"true\" ]]; then\n    echo \"Disabled Crashlytics auto disabler.\" # do nothing\n  else\n    _PLIST_ENTRY_KEYS+=(\"FirebaseCrashlyticsCollectionEnabled\")\n    _PLIST_ENTRY_TYPES+=(\"bool\")\n    _PLIST_ENTRY_VALUES+=(\"NO\")\n  fi\nelse\n  _PLIST_ENTRY_KEYS+=(\"firebase_json_raw\")\n  _PLIST_ENTRY_TYPES+=(\"string\")\n  _PLIST_ENTRY_VALUES+=(\"$_JSON_OUTPUT_BASE64\")\n  echo \"warning:   A firebase.json file was not found, whilst this file is optional it is recommended to include it to configure firebase services in React Native Firebase.\"\nfi;\n\necho \"info: 2) Injecting Info.plist entries: \"\n\n# Log out the keys we're adding\nfor i in \"${!_PLIST_ENTRY_KEYS[@]}\"; do\n  echo \"    ->  $i) ${_PLIST_ENTRY_KEYS[$i]}\" \"${_PLIST_ENTRY_TYPES[$i]}\" \"${_PLIST_ENTRY_VALUES[$i]}\"\ndone\n\nfor plist in \"${_TARGET_PLIST}\" \"${_DSYM_PLIST}\" ; do\n  if [[ -f \"${plist}\" ]]; then\n\n    # paths with spaces break the call to setPlistValue. temporarily modify\n    # the shell internal field separator variable (IFS), which normally\n    # includes spaces, to consist only of line breaks\n    oldifs=$IFS\n    IFS=\"\n\"\n\n    for i in \"${!_PLIST_ENTRY_KEYS[@]}\"; do\n      setPlistValue \"${_PLIST_ENTRY_KEYS[$i]}\" \"${_PLIST_ENTRY_TYPES[$i]}\" \"${_PLIST_ENTRY_VALUES[$i]}\" \"${plist}\"\n    done\n\n    # restore the original internal field separator value\n    IFS=$oldifs\n  else\n    echo \"warning:   A Info.plist build output file was not found (${plist})\"\n  fi\ndone\n\necho \"info: <- RNFB build script finished\"\n";
		};
		BD6D41450BC93D4339C93FB0 /* [CP] Copy Pods Resources */ = {
			isa = PBXShellScriptBuildPhase;
			buildActionMask = 2147483647;
			files = (
			);
			inputFileListPaths = (
				"${PODS_ROOT}/Target Support Files/Pods-UpPark/Pods-UpPark-resources-${CONFIGURATION}-input-files.xcfilelist",
			);
			name = "[CP] Copy Pods Resources";
			outputFileListPaths = (
				"${PODS_ROOT}/Target Support Files/Pods-UpPark/Pods-UpPark-resources-${CONFIGURATION}-output-files.xcfilelist",
			);
			runOnlyForDeploymentPostprocessing = 0;
			shellPath = /bin/sh;
			shellScript = "\"${PODS_ROOT}/Target Support Files/Pods-UpPark/Pods-UpPark-resources.sh\"\n";
			showEnvVarsInLog = 0;
		};
		CF045F7D234CF349B11166DD /* [CP] Check Pods Manifest.lock */ = {
			isa = PBXShellScriptBuildPhase;
			buildActionMask = 2147483647;
			files = (
			);
			inputFileListPaths = (
			);
			inputPaths = (
				"${PODS_PODFILE_DIR_PATH}/Podfile.lock",
				"${PODS_ROOT}/Manifest.lock",
			);
			name = "[CP] Check Pods Manifest.lock";
			outputFileListPaths = (
			);
			outputPaths = (
				"$(DERIVED_FILE_DIR)/Pods-UpPark-checkManifestLockResult.txt",
			);
			runOnlyForDeploymentPostprocessing = 0;
			shellPath = /bin/sh;
			shellScript = "diff \"${PODS_PODFILE_DIR_PATH}/Podfile.lock\" \"${PODS_ROOT}/Manifest.lock\" > /dev/null\nif [ $? != 0 ] ; then\n    # print error to STDERR\n    echo \"error: The sandbox is not in sync with the Podfile.lock. Run 'pod install' or update your CocoaPods installation.\" >&2\n    exit 1\nfi\n# This output is used by Xcode 'outputs' to avoid re-running this script phase.\necho \"SUCCESS\" > \"${SCRIPT_OUTPUT_FILE_0}\"\n";
			showEnvVarsInLog = 0;
		};
		EFCA196D49C35A2152CC9BF6 /* [CP] Check Pods Manifest.lock */ = {
			isa = PBXShellScriptBuildPhase;
			buildActionMask = 2147483647;
			files = (
			);
			inputFileListPaths = (
			);
			inputPaths = (
				"${PODS_PODFILE_DIR_PATH}/Podfile.lock",
				"${PODS_ROOT}/Manifest.lock",
			);
			name = "[CP] Check Pods Manifest.lock";
			outputFileListPaths = (
			);
			outputPaths = (
				"$(DERIVED_FILE_DIR)/Pods-UpPark-UpParkTests-checkManifestLockResult.txt",
			);
			runOnlyForDeploymentPostprocessing = 0;
			shellPath = /bin/sh;
			shellScript = "diff \"${PODS_PODFILE_DIR_PATH}/Podfile.lock\" \"${PODS_ROOT}/Manifest.lock\" > /dev/null\nif [ $? != 0 ] ; then\n    # print error to STDERR\n    echo \"error: The sandbox is not in sync with the Podfile.lock. Run 'pod install' or update your CocoaPods installation.\" >&2\n    exit 1\nfi\n# This output is used by Xcode 'outputs' to avoid re-running this script phase.\necho \"SUCCESS\" > \"${SCRIPT_OUTPUT_FILE_0}\"\n";
			showEnvVarsInLog = 0;
		};
		FD10A7F022414F080027D42C /* Start Packager */ = {
			isa = PBXShellScriptBuildPhase;
			buildActionMask = 2147483647;
			files = (
			);
			inputFileListPaths = (
			);
			inputPaths = (
			);
			name = "Start Packager";
			outputFileListPaths = (
			);
			outputPaths = (
			);
			runOnlyForDeploymentPostprocessing = 0;
			shellPath = /bin/sh;
			shellScript = "export RCT_METRO_PORT=\"${RCT_METRO_PORT:=8081}\"\necho \"export RCT_METRO_PORT=${RCT_METRO_PORT}\" > \"${SRCROOT}/../node_modules/react-native/scripts/.packager.env\"\nif [ -z \"${RCT_NO_LAUNCH_PACKAGER+xxx}\" ] ; then\n  if nc -w 5 -z localhost ${RCT_METRO_PORT} ; then\n    if ! curl -s \"http://localhost:${RCT_METRO_PORT}/status\" | grep -q \"packager-status:running\" ; then\n      echo \"Port ${RCT_METRO_PORT} already in use, packager is either not running or not running correctly\"\n      exit 2\n    fi\n  else\n    open \"$SRCROOT/../node_modules/react-native/scripts/launchPackager.command\" || echo \"Can't start packager automatically\"\n  fi\nfi\n";
			showEnvVarsInLog = 0;
		};
/* End PBXShellScriptBuildPhase section */

/* Begin PBXSourcesBuildPhase section */
		00E356EA1AD99517003FC87E /* Sources */ = {
			isa = PBXSourcesBuildPhase;
			buildActionMask = 2147483647;
			files = (
				00E356F31AD99517003FC87E /* UpParkTests.m in Sources */,
			);
			runOnlyForDeploymentPostprocessing = 0;
		};
		13B07F871A680F5B00A75B9A /* Sources */ = {
			isa = PBXSourcesBuildPhase;
			buildActionMask = 2147483647;
			files = (
				39DBD2EA295C9A4D00FB828D /* AIRGMSMarker.m in Sources */,
				39DBD2B7295C9A4D00FB828D /* AIRMapPolylineRenderer.m in Sources */,
				39DBD2E0295C9A4D00FB828D /* AIRGMSPolyline.m in Sources */,
				39DBD2D2295C9A4D00FB828D /* AIRGoogleMapUrlTile.m in Sources */,
				39DBD2E8295C9A4D00FB828D /* AIRGoogleMap.m in Sources */,
				39DBD2C9295C9A4D00FB828D /* AIRMapWMSTile.m in Sources */,
				39DBD2BA295C9A4D00FB828D /* AIRMapCalloutSubview.m in Sources */,
				39DBD2DA295C9A4D00FB828D /* AIRGoogleMapCalloutManager.m in Sources */,
				39DBD2C2295C9A4D00FB828D /* AIRWeakMapReference.m in Sources */,
				39DBD2D1295C9A4D00FB828D /* AIRDummyView.m in Sources */,
				39DBD2D0295C9A4D00FB828D /* RCTConvert+AirMap.m in Sources */,
				39DBD2C3295C9A4D00FB828D /* AIRMapCircleManager.m in Sources */,
				39DBD2DF295C9A4D00FB828D /* AIRGoogleMapOverlay.m in Sources */,
				39DBD2CF295C9A4D00FB828D /* AIRMapOverlayRenderer.m in Sources */,
				39DBD2DB295C9A4D00FB828D /* AIRGoogleMapMarkerManager.m in Sources */,
				39DBD2CA295C9A4D00FB828D /* AIRMapCalloutSubviewManager.m in Sources */,
				39DBD2E2295C9A4D00FB828D /* AIRGoogleMapManager.m in Sources */,
				39DBD2E6295C9A4D00FB828D /* AIRGoogleMapOverlayManager.m in Sources */,
				39DBD2D9295C9A4D00FB828D /* AIRGoogleMapCircleManager.m in Sources */,
				39DBD2D4295C9A4D00FB828D /* AIRGoogleMapMarker.m in Sources */,
				39DBD2CE295C9A4D00FB828D /* AIRMapOverlay.m in Sources */,
				39DBD2B8295C9A4D00FB828D /* AIRMapOverlayManager.m in Sources */,
				39DBD2C7295C9A4D00FB828D /* AIRMap.m in Sources */,
				39DBD2BE295C9A4D00FB828D /* AIRWeakTimerReference.m in Sources */,
				39DBD2DE295C9A4D00FB828D /* AIRGoogleMapWMSTile.m in Sources */,
				39DBD2DC295C9A4D00FB828D /* AIRGoogleMapPolyline.m in Sources */,
				39DBD2BB295C9A4D00FB828D /* AIRMapPolylineManager.m in Sources */,
				39DBD2C8295C9A4D00FB828D /* AIRMapCircle.m in Sources */,
				39DBD2E9295C9A4D00FB828D /* AIRGoogleMapPolygon.m in Sources */,
				39DBD2DD295C9A4D00FB828D /* AIRGoogleMapHeatmapManager.m in Sources */,
				39DBD2CD295C9A4D00FB828D /* AIRMapManager.m in Sources */,
				39DBD2C1295C9A4D00FB828D /* AIRMapPolyline.m in Sources */,
				39DBD2BD295C9A4D00FB828D /* AIRMapLocalTileOverlay.m in Sources */,
				39DBD2E3295C9A4D00FB828D /* RCTConvert+GMSMapViewType.m in Sources */,
				39DBD2C6295C9A4D00FB828D /* AIRMapPolygon.m in Sources */,
				39DBD2B3295C9A4D00FB828D /* AIRMapUrlTileCachedOverlay.m in Sources */,
				39DBD2D3295C9A4D00FB828D /* AIRGoogleMapPolygonManager.m in Sources */,
				39DBD2BC295C9A4D00FB828D /* SMCalloutView.m in Sources */,
				39DBD2BF295C9A4D00FB828D /* AIRMapCallout.m in Sources */,
				39DBD2C5295C9A4D00FB828D /* AIRMapPolygonManager.m in Sources */,
				39DBD2E4295C9A4D00FB828D /* AIRGoogleMapCalloutSubviewManager.m in Sources */,
				39DBD2E1295C9A4D00FB828D /* AIRGoogleMapPolylineManager.m in Sources */,
				39DBD2E7295C9A4D00FB828D /* AIRGoogleMapHeatmap.m in Sources */,
				39DBD2B6295C9A4D00FB828D /* AIRMapUrlTile.m in Sources */,
				39DBD2CB295C9A4D00FB828D /* AIRMapUrlTileManager.m in Sources */,
				39DBD2D6295C9A4D00FB828D /* AIRGoogleMapURLTileManager.m in Sources */,
				39DBD2B4295C9A4D00FB828D /* AIRMapLocalTile.m in Sources */,
				39DBD2EB295C9A4D00FB828D /* AIRGoogleMapCalloutSubview.m in Sources */,
				39DBD2C4295C9A4D00FB828D /* AIRMapMarker.m in Sources */,
				39DBD2B9295C9A4D00FB828D /* AIRMapCoordinate.m in Sources */,
				13B07FBC1A68108700A75B9A /* AppDelegate.mm in Sources */,
				39DBD2E5295C9A4D00FB828D /* AIRGoogleMapCallout.m in Sources */,
				39DBD2CC295C9A4D00FB828D /* AIRMapWMSTileManager.m in Sources */,
				39DBD2D5295C9A4D00FB828D /* AIRGMSPolygon.m in Sources */,
				39DBD2B5295C9A4D00FB828D /* AIRMapMarkerManager.m in Sources */,
				39DBD2D8295C9A4D00FB828D /* AIRGoogleMapCircle.m in Sources */,
				13B07FC11A68108700A75B9A /* main.m in Sources */,
				39DBD2B2295C9A4D00FB828D /* AIRMapCalloutManager.m in Sources */,
				39DBD2D7295C9A4D00FB828D /* AIRGoogleMapWMSTileManager.m in Sources */,
				39DBD2C0295C9A4D00FB828D /* AIRMapLocalTileManager.m in Sources */,
			);
			runOnlyForDeploymentPostprocessing = 0;
		};
/* End PBXSourcesBuildPhase section */

/* Begin PBXTargetDependency section */
		00E356F51AD99517003FC87E /* PBXTargetDependency */ = {
			isa = PBXTargetDependency;
			target = 13B07F861A680F5B00A75B9A /* UpPark */;
			targetProxy = 00E356F41AD99517003FC87E /* PBXContainerItemProxy */;
		};
/* End PBXTargetDependency section */

/* Begin XCBuildConfiguration section */
		00E356F61AD99517003FC87E /* Debug */ = {
			isa = XCBuildConfiguration;
			baseConfigurationReference = ADF129ACF9E77B75EFE4625E /* Pods-UpPark-UpParkTests.debug.xcconfig */;
			buildSettings = {
				BUNDLE_LOADER = "$(TEST_HOST)";
				GCC_PREPROCESSOR_DEFINITIONS = (
					"DEBUG=1",
					"$(inherited)",
				);
				INFOPLIST_FILE = UpParkTests/Info.plist;
				IPHONEOS_DEPLOYMENT_TARGET = 12.4;
				LD_RUNPATH_SEARCH_PATHS = (
					"$(inherited)",
					"@executable_path/Frameworks",
					"@loader_path/Frameworks",
				);
				OTHER_LDFLAGS = (
					"-ObjC",
					"-lc++",
					"$(inherited)",
				);
				PRODUCT_BUNDLE_IDENTIFIER = "org.reactjs.native.example.$(PRODUCT_NAME:rfc1034identifier)";
				PRODUCT_NAME = "$(TARGET_NAME)";
				TEST_HOST = "$(BUILT_PRODUCTS_DIR)/UpPark.app/UpPark";
			};
			name = Debug;
		};
		00E356F71AD99517003FC87E /* Release */ = {
			isa = XCBuildConfiguration;
			baseConfigurationReference = 3A5DEBC64A4CB52084D44EB9 /* Pods-UpPark-UpParkTests.release.xcconfig */;
			buildSettings = {
				BUNDLE_LOADER = "$(TEST_HOST)";
				COPY_PHASE_STRIP = NO;
				INFOPLIST_FILE = UpParkTests/Info.plist;
				IPHONEOS_DEPLOYMENT_TARGET = 12.4;
				LD_RUNPATH_SEARCH_PATHS = (
					"$(inherited)",
					"@executable_path/Frameworks",
					"@loader_path/Frameworks",
				);
				OTHER_LDFLAGS = (
					"-ObjC",
					"-lc++",
					"$(inherited)",
				);
				PRODUCT_BUNDLE_IDENTIFIER = "org.reactjs.native.example.$(PRODUCT_NAME:rfc1034identifier)";
				PRODUCT_NAME = "$(TARGET_NAME)";
				TEST_HOST = "$(BUILT_PRODUCTS_DIR)/UpPark.app/UpPark";
			};
			name = Release;
		};
		13B07F941A680F5B00A75B9A /* Debug */ = {
			isa = XCBuildConfiguration;
			baseConfigurationReference = B955B3B7E7FB4F41A15CD1A3 /* Pods-UpPark.debug.xcconfig */;
			buildSettings = {
				ASSETCATALOG_COMPILER_APPICON_NAME = AppIcon;
				CLANG_ENABLE_MODULES = YES;
				CODE_SIGN_ENTITLEMENTS = UpPark/UpPark.entitlements;
				"CODE_SIGN_IDENTITY[sdk=iphoneos*]" = "iPhone Developer";
				CURRENT_PROJECT_VERSION = 1;
				DEVELOPMENT_TEAM = 9LKHB22MV7;
				ENABLE_BITCODE = NO;
				FRAMEWORK_SEARCH_PATHS = "$(inherited)";
				INFOPLIST_FILE = UpPark/Info.plist;
				INFOPLIST_KEY_CFBundleDisplayName = UpPark;
				IPHONEOS_DEPLOYMENT_TARGET = 13.2;
				LD_RUNPATH_SEARCH_PATHS = (
					"$(inherited)",
					"@executable_path/Frameworks",
				);
				MARKETING_VERSION = 1.2.1;
				ONLY_ACTIVE_ARCH = NO;
				OTHER_LDFLAGS = (
					"$(inherited)",
					"-ObjC",
					"-lc++",
				);
				PRODUCT_BUNDLE_IDENTIFIER = com.fastpark.uppark;
				PRODUCT_NAME = UpPark;
				SWIFT_OPTIMIZATION_LEVEL = "-Onone";
				SWIFT_VERSION = 5.0;
				VERSIONING_SYSTEM = "apple-generic";
			};
			name = Debug;
		};
		13B07F951A680F5B00A75B9A /* Release */ = {
			isa = XCBuildConfiguration;
			baseConfigurationReference = 6646EF21E8959FE22E9BC17B /* Pods-UpPark.release.xcconfig */;
			buildSettings = {
				ASSETCATALOG_COMPILER_APPICON_NAME = AppIcon;
				CLANG_ENABLE_MODULES = YES;
				CODE_SIGN_ENTITLEMENTS = UpPark/UpPark.entitlements;
				"CODE_SIGN_IDENTITY[sdk=iphoneos*]" = "iPhone Developer";
				CURRENT_PROJECT_VERSION = 1;
				DEVELOPMENT_TEAM = 9LKHB22MV7;
				INFOPLIST_FILE = UpPark/Info.plist;
				INFOPLIST_KEY_CFBundleDisplayName = UpPark;
				IPHONEOS_DEPLOYMENT_TARGET = 13.2;
				LD_RUNPATH_SEARCH_PATHS = (
					"$(inherited)",
					"@executable_path/Frameworks",
				);
				MARKETING_VERSION = 1.2.1;
				ONLY_ACTIVE_ARCH = NO;
				OTHER_LDFLAGS = (
					"$(inherited)",
					"-ObjC",
					"-lc++",
				);
				PRODUCT_BUNDLE_IDENTIFIER = com.fastpark.uppark;
				PRODUCT_NAME = UpPark;
				SWIFT_VERSION = 5.0;
				VERSIONING_SYSTEM = "apple-generic";
			};
			name = Release;
		};
		83CBBA201A601CBA00E9B192 /* Debug */ = {
			isa = XCBuildConfiguration;
			buildSettings = {
				ALWAYS_SEARCH_USER_PATHS = NO;
				CLANG_ANALYZER_LOCALIZABILITY_NONLOCALIZED = YES;
				CLANG_CXX_LANGUAGE_STANDARD = "c++17";
				CLANG_CXX_LIBRARY = "libc++";
				CLANG_ENABLE_MODULES = YES;
				CLANG_ENABLE_OBJC_ARC = YES;
				CLANG_WARN_BLOCK_CAPTURE_AUTORELEASING = YES;
				CLANG_WARN_BOOL_CONVERSION = YES;
				CLANG_WARN_COMMA = YES;
				CLANG_WARN_CONSTANT_CONVERSION = YES;
				CLANG_WARN_DEPRECATED_OBJC_IMPLEMENTATIONS = YES;
				CLANG_WARN_DIRECT_OBJC_ISA_USAGE = YES_ERROR;
				CLANG_WARN_EMPTY_BODY = YES;
				CLANG_WARN_ENUM_CONVERSION = YES;
				CLANG_WARN_INFINITE_RECURSION = YES;
				CLANG_WARN_INT_CONVERSION = YES;
				CLANG_WARN_NON_LITERAL_NULL_CONVERSION = YES;
				CLANG_WARN_OBJC_IMPLICIT_RETAIN_SELF = YES;
				CLANG_WARN_OBJC_LITERAL_CONVERSION = YES;
				CLANG_WARN_OBJC_ROOT_CLASS = YES_ERROR;
				CLANG_WARN_QUOTED_INCLUDE_IN_FRAMEWORK_HEADER = YES;
				CLANG_WARN_RANGE_LOOP_ANALYSIS = YES;
				CLANG_WARN_STRICT_PROTOTYPES = YES;
				CLANG_WARN_SUSPICIOUS_MOVE = YES;
				CLANG_WARN_UNREACHABLE_CODE = YES;
				CLANG_WARN__DUPLICATE_METHOD_MATCH = YES;
				"CODE_SIGN_IDENTITY[sdk=iphoneos*]" = "iPhone Distribution";
				COPY_PHASE_STRIP = NO;
				ENABLE_STRICT_OBJC_MSGSEND = YES;
				ENABLE_TESTABILITY = YES;
				"EXCLUDED_ARCHS[sdk=iphonesimulator*]" = i386;
				GCC_C_LANGUAGE_STANDARD = gnu99;
				GCC_DYNAMIC_NO_PIC = NO;
				GCC_NO_COMMON_BLOCKS = YES;
				GCC_OPTIMIZATION_LEVEL = 0;
				GCC_PREPROCESSOR_DEFINITIONS = (
					"DEBUG=1",
					"$(inherited)",
					"HAVE_GOOGLE_MAPS=1",
				);
				GCC_SYMBOLS_PRIVATE_EXTERN = NO;
				GCC_WARN_64_TO_32_BIT_CONVERSION = YES;
				GCC_WARN_ABOUT_RETURN_TYPE = YES_ERROR;
				GCC_WARN_UNDECLARED_SELECTOR = YES;
				GCC_WARN_UNINITIALIZED_AUTOS = YES_AGGRESSIVE;
				GCC_WARN_UNUSED_FUNCTION = YES;
				GCC_WARN_UNUSED_VARIABLE = YES;
				IPHONEOS_DEPLOYMENT_TARGET = 12.4;
				LD_RUNPATH_SEARCH_PATHS = (
					/usr/lib/swift,
					"$(inherited)",
				);
				LIBRARY_SEARCH_PATHS = (
					"\"$(SDKROOT)/usr/lib/swift\"",
					"\"$(TOOLCHAIN_DIR)/usr/lib/swift/$(PLATFORM_NAME)\"",
					"\"$(inherited)\"",
				);
				MTL_ENABLE_DEBUG_INFO = YES;
				ONLY_ACTIVE_ARCH = YES;
				OTHER_CPLUSPLUSFLAGS = (
					"$(OTHER_CFLAGS)",
					"-DFOLLY_NO_CONFIG",
					"-DFOLLY_MOBILE=1",
					"-DFOLLY_USE_LIBCPP=1",
				);
				REACT_NATIVE_PATH = "${PODS_ROOT}/../../node_modules/react-native";
				SDKROOT = iphoneos;
			};
			name = Debug;
		};
		83CBBA211A601CBA00E9B192 /* Release */ = {
			isa = XCBuildConfiguration;
			buildSettings = {
				ALWAYS_SEARCH_USER_PATHS = NO;
				CLANG_ANALYZER_LOCALIZABILITY_NONLOCALIZED = YES;
				CLANG_CXX_LANGUAGE_STANDARD = "c++17";
				CLANG_CXX_LIBRARY = "libc++";
				CLANG_ENABLE_MODULES = YES;
				CLANG_ENABLE_OBJC_ARC = YES;
				CLANG_WARN_BLOCK_CAPTURE_AUTORELEASING = YES;
				CLANG_WARN_BOOL_CONVERSION = YES;
				CLANG_WARN_COMMA = YES;
				CLANG_WARN_CONSTANT_CONVERSION = YES;
				CLANG_WARN_DEPRECATED_OBJC_IMPLEMENTATIONS = YES;
				CLANG_WARN_DIRECT_OBJC_ISA_USAGE = YES_ERROR;
				CLANG_WARN_EMPTY_BODY = YES;
				CLANG_WARN_ENUM_CONVERSION = YES;
				CLANG_WARN_INFINITE_RECURSION = YES;
				CLANG_WARN_INT_CONVERSION = YES;
				CLANG_WARN_NON_LITERAL_NULL_CONVERSION = YES;
				CLANG_WARN_OBJC_IMPLICIT_RETAIN_SELF = YES;
				CLANG_WARN_OBJC_LITERAL_CONVERSION = YES;
				CLANG_WARN_OBJC_ROOT_CLASS = YES_ERROR;
				CLANG_WARN_QUOTED_INCLUDE_IN_FRAMEWORK_HEADER = YES;
				CLANG_WARN_RANGE_LOOP_ANALYSIS = YES;
				CLANG_WARN_STRICT_PROTOTYPES = YES;
				CLANG_WARN_SUSPICIOUS_MOVE = YES;
				CLANG_WARN_UNREACHABLE_CODE = YES;
				CLANG_WARN__DUPLICATE_METHOD_MATCH = YES;
				"CODE_SIGN_IDENTITY[sdk=iphoneos*]" = "iPhone Distribution";
				COPY_PHASE_STRIP = YES;
				ENABLE_NS_ASSERTIONS = NO;
				ENABLE_STRICT_OBJC_MSGSEND = YES;
				"EXCLUDED_ARCHS[sdk=iphonesimulator*]" = i386;
				GCC_C_LANGUAGE_STANDARD = gnu99;
				GCC_NO_COMMON_BLOCKS = YES;
				"GCC_PREPROCESSOR_DEFINITIONS[arch=*]" = "HAVE_GOOGLE_MAPS=1  ";
				GCC_WARN_64_TO_32_BIT_CONVERSION = YES;
				GCC_WARN_ABOUT_RETURN_TYPE = YES_ERROR;
				GCC_WARN_UNDECLARED_SELECTOR = YES;
				GCC_WARN_UNINITIALIZED_AUTOS = YES_AGGRESSIVE;
				GCC_WARN_UNUSED_FUNCTION = YES;
				GCC_WARN_UNUSED_VARIABLE = YES;
				IPHONEOS_DEPLOYMENT_TARGET = 12.4;
				LD_RUNPATH_SEARCH_PATHS = (
					/usr/lib/swift,
					"$(inherited)",
				);
				LIBRARY_SEARCH_PATHS = (
					"\"$(SDKROOT)/usr/lib/swift\"",
					"\"$(TOOLCHAIN_DIR)/usr/lib/swift/$(PLATFORM_NAME)\"",
					"\"$(inherited)\"",
				);
				MTL_ENABLE_DEBUG_INFO = NO;
				OTHER_CPLUSPLUSFLAGS = (
					"$(OTHER_CFLAGS)",
					"-DFOLLY_NO_CONFIG",
					"-DFOLLY_MOBILE=1",
					"-DFOLLY_USE_LIBCPP=1",
				);
				REACT_NATIVE_PATH = "${PODS_ROOT}/../../node_modules/react-native";
				SDKROOT = iphoneos;
				VALIDATE_PRODUCT = YES;
			};
			name = Release;
		};
/* End XCBuildConfiguration section */

/* Begin XCConfigurationList section */
		00E357021AD99517003FC87E /* Build configuration list for PBXNativeTarget "UpParkTests" */ = {
			isa = XCConfigurationList;
			buildConfigurations = (
				00E356F61AD99517003FC87E /* Debug */,
				00E356F71AD99517003FC87E /* Release */,
			);
			defaultConfigurationIsVisible = 0;
			defaultConfigurationName = Release;
		};
		13B07F931A680F5B00A75B9A /* Build configuration list for PBXNativeTarget "UpPark" */ = {
			isa = XCConfigurationList;
			buildConfigurations = (
				13B07F941A680F5B00A75B9A /* Debug */,
				13B07F951A680F5B00A75B9A /* Release */,
			);
			defaultConfigurationIsVisible = 0;
			defaultConfigurationName = Release;
		};
		83CBB9FA1A601CBA00E9B192 /* Build configuration list for PBXProject "UpPark" */ = {
			isa = XCConfigurationList;
			buildConfigurations = (
				83CBBA201A601CBA00E9B192 /* Debug */,
				83CBBA211A601CBA00E9B192 /* Release */,
			);
			defaultConfigurationIsVisible = 0;
			defaultConfigurationName = Release;
		};
/* End XCConfigurationList section */

/* Begin XCRemoteSwiftPackageReference section */
		39C997C129C3B9E700441C4D /* XCRemoteSwiftPackageReference "facebook-ios-sdk" */ = {
			isa = XCRemoteSwiftPackageReference;
			repositoryURL = "https://github.com/facebook/facebook-ios-sdk";
			requirement = {
				kind = upToNextMajorVersion;
				minimumVersion = 9.0.0;
			};
		};
/* End XCRemoteSwiftPackageReference section */

/* Begin XCSwiftPackageProductDependency section */
		39C997C229C3B9E700441C4D /* FacebookCore */ = {
			isa = XCSwiftPackageProductDependency;
			package = 39C997C129C3B9E700441C4D /* XCRemoteSwiftPackageReference "facebook-ios-sdk" */;
			productName = FacebookCore;
		};
		39C997C429C3B9E700441C4D /* FacebookLogin */ = {
			isa = XCSwiftPackageProductDependency;
			package = 39C997C129C3B9E700441C4D /* XCRemoteSwiftPackageReference "facebook-ios-sdk" */;
			productName = FacebookLogin;
		};
/* End XCSwiftPackageProductDependency section */
	};
	rootObject = 83CBB9F71A601CBA00E9B192 /* Project object */;
}
